PODS:
  - LUKeychainAccess (3.0.0)
  - ReachabilitySwift (5.0.0)
  - SwiftyPickerPopover (6.6.6)

DEPENDENCIES:
  - LUKeychainAccess
  - ReachabilitySwift
  - SwiftyPickerPopover

SPEC REPOS:
  trunk:
    - LUKeychainAccess
    - ReachabilitySwift
    - SwiftyPickerPopover

SPEC CHECKSUMS:
  LUKeychainAccess: 78cf0ab05ee1565f164e0c10151d10ac329975c4
  ReachabilitySwift: 985039c6f7b23a1da463388634119492ff86c825
  SwiftyPickerPopover: a402960a6687c911ffcb4e9fb282a1bc61186ab4

PODFILE CHECKSUM: 6173ad56c76b5583df4f0495fc59b93299be2c46

COCOAPODS: 1.9.1
