// !$*UTF8*$!
{
	archiveVersion = 1;
	classes = {
	};
	objectVersion = 51;
	objects = {

/* Begin PBXBuildFile section */
		18390178F3B72A020687F64B /* Pods_RefreshApp_RefreshAppTests.framework in Frameworks */ = {isa = PBXBuildFile; fileRef = 380D61101C7AF19AC27D8322 /* Pods_RefreshApp_RefreshAppTests.framework */; };
		396DCE2C269D3F720035DC74 /* Common.swift in Sources */ = {isa = PBXBuildFile; fileRef = C35E2FBE255A6F71009C9057 /* Common.swift */; };
		396DCE2E269D69470035DC74 /* LocalDB.swift in Sources */ = {isa = PBXBuildFile; fileRef = 396DCE2D269D69460035DC74 /* LocalDB.swift */; };
		4E0ED3FF2623D9E800A4B714 /* InfoView.swift in Sources */ = {isa = PBXBuildFile; fileRef = 4E0ED3FE2623D9E800A4B714 /* InfoView.swift */; };
		4E37C87625F3D11400314885 /* DetailView.xib in Resources */ = {isa = PBXBuildFile; fileRef = 4E37C87525F3D11400314885 /* DetailView.xib */; };
		4E37C87925F3D13300314885 /* DetailView.swift in Sources */ = {isa = PBXBuildFile; fileRef = 4E37C87825F3D13300314885 /* DetailView.swift */; };
		4E3D93172615AC6E00C584F9 /* GetLists.swift in Sources */ = {isa = PBXBuildFile; fileRef = 4E3D93162615AC6E00C584F9 /* GetLists.swift */; };
		4E3D93262615BA0800C584F9 /* reload.png in Resources */ = {isa = PBXBuildFile; fileRef = 4E3D93252615BA0800C584F9 /* reload.png */; };
		4E50A5BE25F767960015B997 /* _BRLabelView.xib in Resources */ = {isa = PBXBuildFile; fileRef = 4E50A5BD25F767960015B997 /* _BRLabelView.xib */; };
		4E5DB9282555747100A53584 /* ScannerView.swift in Sources */ = {isa = PBXBuildFile; fileRef = 4E5DB9272555747100A53584 /* ScannerView.swift */; };
		4E5DB92B2555748300A53584 /* ScannerView.xib in Resources */ = {isa = PBXBuildFile; fileRef = 4E5DB92A2555748300A53584 /* ScannerView.xib */; };
		4E5DB92E25557C7700A53584 /* CameraViewController.swift in Sources */ = {isa = PBXBuildFile; fileRef = 4E5DB92D25557C7700A53584 /* CameraViewController.swift */; };
		4E5DB93125557CD300A53584 /* shutter.png in Resources */ = {isa = PBXBuildFile; fileRef = 4E5DB93025557CD300A53584 /* shutter.png */; };
		4E6E771125D36F4E00BBA885 /* BRLabelView.xib in Resources */ = {isa = PBXBuildFile; fileRef = 4E6E771025D36F4E00BBA885 /* BRLabelView.xib */; };
		4E6E771425D36F6500BBA885 /* BRLabelView.swift in Sources */ = {isa = PBXBuildFile; fileRef = 4E6E771325D36F6500BBA885 /* BRLabelView.swift */; };
		4E6E772725D4F37800BBA885 /* InfoViewController.swift in Sources */ = {isa = PBXBuildFile; fileRef = 4E6E772625D4F37800BBA885 /* InfoViewController.swift */; };
		4E776DDA2557B6C4009344EB /* PhotoViewController.swift in Sources */ = {isa = PBXBuildFile; fileRef = 4E776DD92557B6C4009344EB /* PhotoViewController.swift */; };
		4E776DDD2557B853009344EB /* MyCollectionViewCell.swift in Sources */ = {isa = PBXBuildFile; fileRef = 4E776DDC2557B853009344EB /* MyCollectionViewCell.swift */; };
		4E776DE02557C96C009344EB /* DispViewController.swift in Sources */ = {isa = PBXBuildFile; fileRef = 4E776DDF2557C96C009344EB /* DispViewController.swift */; };
		4E776DE32557D010009344EB /* Camera2ViewController.swift in Sources */ = {isa = PBXBuildFile; fileRef = 4E776DE22557D010009344EB /* Camera2ViewController.swift */; };
		4E776DE725580EEA009344EB /* left.png in Resources */ = {isa = PBXBuildFile; fileRef = 4E776DE525580EEA009344EB /* left.png */; };
		4E776DE825580EEA009344EB /* right.png in Resources */ = {isa = PBXBuildFile; fileRef = 4E776DE625580EEA009344EB /* right.png */; };
		4E81401625F48DF600CAE545 /* DetailView2.swift in Sources */ = {isa = PBXBuildFile; fileRef = 4E81401425F48DF500CAE545 /* DetailView2.swift */; };
		4E81401725F48DF600CAE545 /* DetailView2.xib in Resources */ = {isa = PBXBuildFile; fileRef = 4E81401525F48DF600CAE545 /* DetailView2.xib */; };
		4E8857AD26368B1C00E9D05C /* koshin.png in Resources */ = {isa = PBXBuildFile; fileRef = 4E8857AC26368B1B00E9D05C /* koshin.png */; };
		4E8857B726368B9900E9D05C /* bn03.png in Resources */ = {isa = PBXBuildFile; fileRef = 4E8857B426368B9900E9D05C /* bn03.png */; };
		4E8857B826368B9900E9D05C /* bn02.png in Resources */ = {isa = PBXBuildFile; fileRef = 4E8857B526368B9900E9D05C /* bn02.png */; };
		4E8857B926368B9900E9D05C /* bn01.png in Resources */ = {isa = PBXBuildFile; fileRef = 4E8857B626368B9900E9D05C /* bn01.png */; };
		4E8857BF26368F8000E9D05C /* camera2.png in Resources */ = {isa = PBXBuildFile; fileRef = 4E8857BE26368F8000E9D05C /* camera2.png */; };
		4E8857C226368FB100E9D05C /* entry2.png in Resources */ = {isa = PBXBuildFile; fileRef = 4E8857C126368FB100E9D05C /* entry2.png */; };
		4E8857C52636905900E9D05C /* scan.png in Resources */ = {isa = PBXBuildFile; fileRef = 4E8857C42636905900E9D05C /* scan.png */; };
		4E913929263142EA00DA29A9 /* entry.png in Resources */ = {isa = PBXBuildFile; fileRef = 4E913928263142E900DA29A9 /* entry.png */; };
		4E9A2FC926789308005391BB /* ScanData.swift in Sources */ = {isa = PBXBuildFile; fileRef = 4E9A2FC826789308005391BB /* ScanData.swift */; };
		4E9C66BB26255684003E29FF /* InfoViewController2.swift in Sources */ = {isa = PBXBuildFile; fileRef = 4E9C66BA26255683003E29FF /* InfoViewController2.swift */; };
		4EB9B126260345EC003CCEFB /* RefListViewController.swift in Sources */ = {isa = PBXBuildFile; fileRef = 4EB9B125260345EC003CCEFB /* RefListViewController.swift */; };
		4EBCC91225BE9A0100882906 /* SelectDateView.xib in Resources */ = {isa = PBXBuildFile; fileRef = 4EBCC91125BE9A0100882906 /* SelectDateView.xib */; };
		4EBCC91425BE9A2C00882906 /* SelectDateView.swift in Sources */ = {isa = PBXBuildFile; fileRef = 4EBCC91325BE9A2C00882906 /* SelectDateView.swift */; };
		4EC1E10E2669BEF800AD6DD8 /* kotei.png in Resources */ = {isa = PBXBuildFile; fileRef = 4EC1E10D2669BEF800AD6DD8 /* kotei.png */; };
		4EC1EB3625CA8DAC00D35377 /* ReceptionViewController.swift in Sources */ = {isa = PBXBuildFile; fileRef = 4EC1EB3525CA8DAC00D35377 /* ReceptionViewController.swift */; };
		4ED33534265F7EDF00EB821D /* KoteiViewController.swift in Sources */ = {isa = PBXBuildFile; fileRef = 4ED33533265F7EDF00EB821D /* KoteiViewController.swift */; };
		4ED33539265FC09D00EB821D /* MyPickerView.xib in Resources */ = {isa = PBXBuildFile; fileRef = 4ED33537265FC09D00EB821D /* MyPickerView.xib */; };
		4ED3353A265FC09D00EB821D /* MyPickerView.swift in Sources */ = {isa = PBXBuildFile; fileRef = 4ED33538265FC09D00EB821D /* MyPickerView.swift */; };
		4EE502372625181C00AAE522 /* BRLavelView2.xib in Resources */ = {isa = PBXBuildFile; fileRef = 4EE502362625181C00AAE522 /* BRLavelView2.xib */; };
		4EE5023A262531C600AAE522 /* BRLabelView2.swift in Sources */ = {isa = PBXBuildFile; fileRef = 4EE50239262531C600AAE522 /* BRLabelView2.swift */; };
		4EEC4D5825556C69003AF923 /* AppDelegate.swift in Sources */ = {isa = PBXBuildFile; fileRef = 4EEC4D5725556C69003AF923 /* AppDelegate.swift */; };
		4EEC4D5C25556C69003AF923 /* ViewController.swift in Sources */ = {isa = PBXBuildFile; fileRef = 4EEC4D5B25556C69003AF923 /* ViewController.swift */; };
		4EEC4D5F25556C69003AF923 /* Main.storyboard in Resources */ = {isa = PBXBuildFile; fileRef = 4EEC4D5D25556C69003AF923 /* Main.storyboard */; };
		4EEC4D6225556C69003AF923 /* RefreshApp.xcdatamodeld in Sources */ = {isa = PBXBuildFile; fileRef = 4EEC4D6025556C69003AF923 /* RefreshApp.xcdatamodeld */; };
		4EEC4D6425556C6C003AF923 /* Assets.xcassets in Resources */ = {isa = PBXBuildFile; fileRef = 4EEC4D6325556C6C003AF923 /* Assets.xcassets */; };
		4EEC4D6725556C6C003AF923 /* LaunchScreen.storyboard in Resources */ = {isa = PBXBuildFile; fileRef = 4EEC4D6525556C6C003AF923 /* LaunchScreen.storyboard */; };
		4EF3EF6F2665D9110050AE42 /* DetailTableViewCell.swift in Sources */ = {isa = PBXBuildFile; fileRef = 4EF3EF6D2665D9110050AE42 /* DetailTableViewCell.swift */; };
		4EF3EF702665D9110050AE42 /* DetailTableViewCell.xib in Resources */ = {isa = PBXBuildFile; fileRef = 4EF3EF6E2665D9110050AE42 /* DetailTableViewCell.xib */; };
		C313E80025E38F7C00666210 /* FirstViewController.swift in Sources */ = {isa = PBXBuildFile; fileRef = C313E7FF25E38F7C00666210 /* FirstViewController.swift */; };
		C322589A2558DEC1007BB719 /* deletebtn.png in Resources */ = {isa = PBXBuildFile; fileRef = C32258992558DEC1007BB719 /* deletebtn.png */; };
		C322589C2558E4D3007BB719 /* Upload.swift in Sources */ = {isa = PBXBuildFile; fileRef = C322589B2558E4D3007BB719 /* Upload.swift */; };
		C322589F2559215A007BB719 /* UnsentViewController.swift in Sources */ = {isa = PBXBuildFile; fileRef = C322589E2559215A007BB719 /* UnsentViewController.swift */; };
		C32B7EBA2574CDB4008FDE4F /* BRLMPrinterKit.framework in Embed Frameworks */ = {isa = PBXBuildFile; fileRef = C32B7EB72574CD7A008FDE4F /* BRLMPrinterKit.framework */; settings = {ATTRIBUTES = (CodeSignOnCopy, RemoveHeadersOnCopy, ); }; };
		C32B7EBB2574CDC4008FDE4F /* BRLMPrinterKit.framework in Frameworks */ = {isa = PBXBuildFile; fileRef = C32B7EB72574CD7A008FDE4F /* BRLMPrinterKit.framework */; };
		C34B5BDF25F5FBF300CB41F4 /* inquiry.png in Resources */ = {isa = PBXBuildFile; fileRef = C34B5BDE25F5FBF200CB41F4 /* inquiry.png */; };
		C34D6B372643D4000072B8B6 /* bn04.png in Resources */ = {isa = PBXBuildFile; fileRef = C34D6B362643D4000072B8B6 /* bn04.png */; };
		C35ABD96261C485F00687CB4 /* InfoView.xib in Resources */ = {isa = PBXBuildFile; fileRef = C35ABD95261C485F00687CB4 /* InfoView.xib */; };
		C35ABDA5261C4CCD00687CB4 /* InfoView2.xib in Resources */ = {isa = PBXBuildFile; fileRef = C35ABDA3261C4CCC00687CB4 /* InfoView2.xib */; };
		C35ABDA6261C4CCD00687CB4 /* InfoView2.swift in Sources */ = {isa = PBXBuildFile; fileRef = C35ABDA4261C4CCD00687CB4 /* InfoView2.swift */; };
		C35E2FB3255A15F2009C9057 /* qrScan.png in Resources */ = {isa = PBXBuildFile; fileRef = C35E2FB2255A15F2009C9057 /* qrScan.png */; };
		C35E2FB5255A1627009C9057 /* camera.png in Resources */ = {isa = PBXBuildFile; fileRef = C35E2FB4255A1627009C9057 /* camera.png */; };
		C35E2FB9255A165C009C9057 /* upload.png in Resources */ = {isa = PBXBuildFile; fileRef = C35E2FB8255A165C009C9057 /* upload.png */; };
		C35E2FBB255A1669009C9057 /* unsent.png in Resources */ = {isa = PBXBuildFile; fileRef = C35E2FBA255A1669009C9057 /* unsent.png */; };
		C35E2FBD255A191E009C9057 /* barcode.png in Resources */ = {isa = PBXBuildFile; fileRef = C35E2FBC255A191D009C9057 /* barcode.png */; };
		C35E2FBF255A6F71009C9057 /* Common.swift in Sources */ = {isa = PBXBuildFile; fileRef = C35E2FBE255A6F71009C9057 /* Common.swift */; };
		C35ED835269ED02C00CA9AE6 /* YakanTableViewCell.swift in Sources */ = {isa = PBXBuildFile; fileRef = C35ED834269ED02C00CA9AE6 /* YakanTableViewCell.swift */; };
		C3675D1725F1E21300EF415D /* barcode2.png in Resources */ = {isa = PBXBuildFile; fileRef = C3675D1625F1E21300EF415D /* barcode2.png */; };
		C3675D1A25F1EE4E00EF415D /* InqTableViewCell.swift in Sources */ = {isa = PBXBuildFile; fileRef = C3675D1925F1EE4E00EF415D /* InqTableViewCell.swift */; };
		C37D7BF825FB0D30000C91BF /* UploadViewController.swift in Sources */ = {isa = PBXBuildFile; fileRef = C37D7BF725FB0D30000C91BF /* UploadViewController.swift */; };
		C388924D25E3750900EFD720 /* InquiryViewController.swift in Sources */ = {isa = PBXBuildFile; fileRef = C388924C25E3750900EFD720 /* InquiryViewController.swift */; };
		C38C13CD25BA88B800653CE9 /* HostConnect.swift in Sources */ = {isa = PBXBuildFile; fileRef = C38C13CC25BA88B800653CE9 /* HostConnect.swift */; };
		C38C13D425BA8BBE00653CE9 /* IBM.swift in Sources */ = {isa = PBXBuildFile; fileRef = C38C13D325BA8BBE00653CE9 /* IBM.swift */; };
		C38C13D925BA8E5A00653CE9 /* SimpleAlert.swift in Sources */ = {isa = PBXBuildFile; fileRef = C38C13D825BA8E5A00653CE9 /* SimpleAlert.swift */; };
		C3B6423F25C8F11300A2AB50 /* RefreshAppTests.swift in Sources */ = {isa = PBXBuildFile; fileRef = C3B6423E25C8F11300A2AB50 /* RefreshAppTests.swift */; };
		C3C95DF125889D6F00BBE180 /* BRSelectDeviceTableViewController.swift in Sources */ = {isa = PBXBuildFile; fileRef = C3C95DEB25889D6F00BBE180 /* BRSelectDeviceTableViewController.swift */; };
		C3C95DF225889D6F00BBE180 /* rj4030ai_102mm152mm.bin in Resources */ = {isa = PBXBuildFile; fileRef = C3C95DEC25889D6F00BBE180 /* rj4030ai_102mm152mm.bin */; };
		C3C95DF325889D6F00BBE180 /* 100×200.bmp in Resources */ = {isa = PBXBuildFile; fileRef = C3C95DED25889D6F00BBE180 /* 100×200.bmp */; };
		C3C95DF425889D6F00BBE180 /* rj4030ai_102mm.bin in Resources */ = {isa = PBXBuildFile; fileRef = C3C95DEE25889D6F00BBE180 /* rj4030ai_102mm.bin */; };
		C3C95DF525889D6F00BBE180 /* Main2.storyboard in Resources */ = {isa = PBXBuildFile; fileRef = C3C95DEF25889D6F00BBE180 /* Main2.storyboard */; };
		C3C95DF625889D6F00BBE180 /* PrintSampleViewController.swift in Sources */ = {isa = PBXBuildFile; fileRef = C3C95DF025889D6F00BBE180 /* PrintSampleViewController.swift */; };
		C3CB7D59269E75AB00B5B9C2 /* LocalDBViewController.swift in Sources */ = {isa = PBXBuildFile; fileRef = C3CB7D58269E75AB00B5B9C2 /* LocalDBViewController.swift */; };
		C3CD18B525C27E050088DE56 /* EnvironmentSwitch.swift in Sources */ = {isa = PBXBuildFile; fileRef = C3CD18B425C27E050088DE56 /* EnvironmentSwitch.swift */; };
		C3DDC4DB25F8620700B2DEAC /* GawaImgViewController.swift in Sources */ = {isa = PBXBuildFile; fileRef = C3DDC4DA25F8620700B2DEAC /* GawaImgViewController.swift */; };
		C3E4C31225BFB63E009AD55C /* reception.png in Resources */ = {isa = PBXBuildFile; fileRef = C3E4C31125BFB63C009AD55C /* reception.png */; };
		D0B742593C4CD1136AB208F7 /* Pods_RefreshApp.framework in Frameworks */ = {isa = PBXBuildFile; fileRef = 13000F623F650A5F2C7ED428 /* Pods_RefreshApp.framework */; };
/* End PBXBuildFile section */

/* Begin PBXContainerItemProxy section */
		C3B6424125C8F11300A2AB50 /* PBXContainerItemProxy */ = {
			isa = PBXContainerItemProxy;
			containerPortal = 4EEC4D4C25556C69003AF923 /* Project object */;
			proxyType = 1;
			remoteGlobalIDString = 4EEC4D5325556C69003AF923;
			remoteInfo = RefreshApp;
		};
/* End PBXContainerItemProxy section */

/* Begin PBXCopyFilesBuildPhase section */
		C3B74FB72574C6A700C78794 /* Embed Frameworks */ = {
			isa = PBXCopyFilesBuildPhase;
			buildActionMask = 2147483647;
			dstPath = "";
			dstSubfolderSpec = 10;
			files = (
				C32B7EBA2574CDB4008FDE4F /* BRLMPrinterKit.framework in Embed Frameworks */,
			);
			name = "Embed Frameworks";
			runOnlyForDeploymentPostprocessing = 0;
		};
/* End PBXCopyFilesBuildPhase section */

/* Begin PBXFileReference section */
		13000F623F650A5F2C7ED428 /* Pods_RefreshApp.framework */ = {isa = PBXFileReference; explicitFileType = wrapper.framework; includeInIndex = 0; path = Pods_RefreshApp.framework; sourceTree = BUILT_PRODUCTS_DIR; };
		380D61101C7AF19AC27D8322 /* Pods_RefreshApp_RefreshAppTests.framework */ = {isa = PBXFileReference; explicitFileType = wrapper.framework; includeInIndex = 0; path = Pods_RefreshApp_RefreshAppTests.framework; sourceTree = BUILT_PRODUCTS_DIR; };
		396DCE2D269D69460035DC74 /* LocalDB.swift */ = {isa = PBXFileReference; fileEncoding = 4; lastKnownFileType = sourcecode.swift; path = LocalDB.swift; sourceTree = "<group>"; };
		4E0ED3FE2623D9E800A4B714 /* InfoView.swift */ = {isa = PBXFileReference; fileEncoding = 4; lastKnownFileType = sourcecode.swift; path = InfoView.swift; sourceTree = "<group>"; };
		4E37C87525F3D11400314885 /* DetailView.xib */ = {isa = PBXFileReference; lastKnownFileType = file.xib; path = DetailView.xib; sourceTree = "<group>"; };
		4E37C87825F3D13300314885 /* DetailView.swift */ = {isa = PBXFileReference; lastKnownFileType = sourcecode.swift; path = DetailView.swift; sourceTree = "<group>"; };
		4E3D93162615AC6E00C584F9 /* GetLists.swift */ = {isa = PBXFileReference; lastKnownFileType = sourcecode.swift; path = GetLists.swift; sourceTree = "<group>"; };
		4E3D93252615BA0800C584F9 /* reload.png */ = {isa = PBXFileReference; lastKnownFileType = image.png; path = reload.png; sourceTree = "<group>"; };
		4E50A5BD25F767960015B997 /* _BRLabelView.xib */ = {isa = PBXFileReference; lastKnownFileType = file.xib; path = _BRLabelView.xib; sourceTree = "<group>"; };
		4E5DB92525556E0600A53584 /* RefreshApp.entitlements */ = {isa = PBXFileReference; lastKnownFileType = text.plist.entitlements; path = RefreshApp.entitlements; sourceTree = "<group>"; };
		4E5DB9272555747100A53584 /* ScannerView.swift */ = {isa = PBXFileReference; lastKnownFileType = sourcecode.swift; path = ScannerView.swift; sourceTree = "<group>"; };
		4E5DB92A2555748300A53584 /* ScannerView.xib */ = {isa = PBXFileReference; lastKnownFileType = file.xib; path = ScannerView.xib; sourceTree = "<group>"; };
		4E5DB92D25557C7700A53584 /* CameraViewController.swift */ = {isa = PBXFileReference; fileEncoding = 4; lastKnownFileType = sourcecode.swift; path = CameraViewController.swift; sourceTree = "<group>"; };
		4E5DB93025557CD300A53584 /* shutter.png */ = {isa = PBXFileReference; lastKnownFileType = image.png; path = shutter.png; sourceTree = "<group>"; };
		4E6E771025D36F4E00BBA885 /* BRLabelView.xib */ = {isa = PBXFileReference; lastKnownFileType = file.xib; path = BRLabelView.xib; sourceTree = "<group>"; };
		4E6E771325D36F6500BBA885 /* BRLabelView.swift */ = {isa = PBXFileReference; lastKnownFileType = sourcecode.swift; path = BRLabelView.swift; sourceTree = "<group>"; };
		4E6E772625D4F37800BBA885 /* InfoViewController.swift */ = {isa = PBXFileReference; lastKnownFileType = sourcecode.swift; name = InfoViewController.swift; path = RefreshApp/InfoViewController.swift; sourceTree = SOURCE_ROOT; };
		4E776DD92557B6C4009344EB /* PhotoViewController.swift */ = {isa = PBXFileReference; lastKnownFileType = sourcecode.swift; path = PhotoViewController.swift; sourceTree = "<group>"; };
		4E776DDC2557B853009344EB /* MyCollectionViewCell.swift */ = {isa = PBXFileReference; lastKnownFileType = sourcecode.swift; path = MyCollectionViewCell.swift; sourceTree = "<group>"; };
		4E776DDF2557C96C009344EB /* DispViewController.swift */ = {isa = PBXFileReference; lastKnownFileType = sourcecode.swift; path = DispViewController.swift; sourceTree = "<group>"; };
		4E776DE22557D010009344EB /* Camera2ViewController.swift */ = {isa = PBXFileReference; lastKnownFileType = sourcecode.swift; path = Camera2ViewController.swift; sourceTree = "<group>"; };
		4E776DE525580EEA009344EB /* left.png */ = {isa = PBXFileReference; lastKnownFileType = image.png; path = left.png; sourceTree = "<group>"; };
		4E776DE625580EEA009344EB /* right.png */ = {isa = PBXFileReference; lastKnownFileType = image.png; path = right.png; sourceTree = "<group>"; };
		4E81401425F48DF500CAE545 /* DetailView2.swift */ = {isa = PBXFileReference; fileEncoding = 4; lastKnownFileType = sourcecode.swift; path = DetailView2.swift; sourceTree = "<group>"; };
		4E81401525F48DF600CAE545 /* DetailView2.xib */ = {isa = PBXFileReference; fileEncoding = 4; lastKnownFileType = file.xib; path = DetailView2.xib; sourceTree = "<group>"; };
		4E8857AC26368B1B00E9D05C /* koshin.png */ = {isa = PBXFileReference; lastKnownFileType = image.png; path = koshin.png; sourceTree = "<group>"; };
		4E8857B426368B9900E9D05C /* bn03.png */ = {isa = PBXFileReference; lastKnownFileType = image.png; path = bn03.png; sourceTree = "<group>"; };
		4E8857B526368B9900E9D05C /* bn02.png */ = {isa = PBXFileReference; lastKnownFileType = image.png; path = bn02.png; sourceTree = "<group>"; };
		4E8857B626368B9900E9D05C /* bn01.png */ = {isa = PBXFileReference; lastKnownFileType = image.png; path = bn01.png; sourceTree = "<group>"; };
		4E8857BE26368F8000E9D05C /* camera2.png */ = {isa = PBXFileReference; lastKnownFileType = image.png; path = camera2.png; sourceTree = "<group>"; };
		4E8857C126368FB100E9D05C /* entry2.png */ = {isa = PBXFileReference; lastKnownFileType = image.png; path = entry2.png; sourceTree = "<group>"; };
		4E8857C42636905900E9D05C /* scan.png */ = {isa = PBXFileReference; lastKnownFileType = image.png; path = scan.png; sourceTree = "<group>"; };
		4E913928263142E900DA29A9 /* entry.png */ = {isa = PBXFileReference; lastKnownFileType = image.png; path = entry.png; sourceTree = "<group>"; };
		4E9A2FC826789308005391BB /* ScanData.swift */ = {isa = PBXFileReference; lastKnownFileType = sourcecode.swift; path = ScanData.swift; sourceTree = "<group>"; };
		4E9C66BA26255683003E29FF /* InfoViewController2.swift */ = {isa = PBXFileReference; fileEncoding = 4; lastKnownFileType = sourcecode.swift; path = InfoViewController2.swift; sourceTree = "<group>"; };
		4EB9B125260345EC003CCEFB /* RefListViewController.swift */ = {isa = PBXFileReference; fileEncoding = 4; lastKnownFileType = sourcecode.swift; path = RefListViewController.swift; sourceTree = "<group>"; };
		4EBCC91125BE9A0100882906 /* SelectDateView.xib */ = {isa = PBXFileReference; lastKnownFileType = file.xib; path = SelectDateView.xib; sourceTree = "<group>"; };
		4EBCC91325BE9A2C00882906 /* SelectDateView.swift */ = {isa = PBXFileReference; lastKnownFileType = sourcecode.swift; path = SelectDateView.swift; sourceTree = "<group>"; };
		4EC1E10D2669BEF800AD6DD8 /* kotei.png */ = {isa = PBXFileReference; lastKnownFileType = image.png; path = kotei.png; sourceTree = "<group>"; };
		4EC1EB3525CA8DAC00D35377 /* ReceptionViewController.swift */ = {isa = PBXFileReference; lastKnownFileType = sourcecode.swift; path = ReceptionViewController.swift; sourceTree = "<group>"; };
		4ED33533265F7EDF00EB821D /* KoteiViewController.swift */ = {isa = PBXFileReference; lastKnownFileType = sourcecode.swift; path = KoteiViewController.swift; sourceTree = "<group>"; };
		4ED33537265FC09D00EB821D /* MyPickerView.xib */ = {isa = PBXFileReference; fileEncoding = 4; lastKnownFileType = file.xib; path = MyPickerView.xib; sourceTree = "<group>"; };
		4ED33538265FC09D00EB821D /* MyPickerView.swift */ = {isa = PBXFileReference; fileEncoding = 4; lastKnownFileType = sourcecode.swift; path = MyPickerView.swift; sourceTree = "<group>"; };
		4EE502362625181C00AAE522 /* BRLavelView2.xib */ = {isa = PBXFileReference; lastKnownFileType = file.xib; path = BRLavelView2.xib; sourceTree = "<group>"; };
		4EE50239262531C600AAE522 /* BRLabelView2.swift */ = {isa = PBXFileReference; lastKnownFileType = sourcecode.swift; path = BRLabelView2.swift; sourceTree = "<group>"; };
		4EEC4D5425556C69003AF923 /* RefreshApp.app */ = {isa = PBXFileReference; explicitFileType = wrapper.application; includeInIndex = 0; path = RefreshApp.app; sourceTree = BUILT_PRODUCTS_DIR; };
		4EEC4D5725556C69003AF923 /* AppDelegate.swift */ = {isa = PBXFileReference; lastKnownFileType = sourcecode.swift; path = AppDelegate.swift; sourceTree = "<group>"; };
		4EEC4D5B25556C69003AF923 /* ViewController.swift */ = {isa = PBXFileReference; lastKnownFileType = sourcecode.swift; path = ViewController.swift; sourceTree = "<group>"; };
		4EEC4D5E25556C69003AF923 /* Base */ = {isa = PBXFileReference; lastKnownFileType = file.storyboard; name = Base; path = Base.lproj/Main.storyboard; sourceTree = "<group>"; };
		4EEC4D6125556C69003AF923 /* RefreshApp.xcdatamodel */ = {isa = PBXFileReference; lastKnownFileType = wrapper.xcdatamodel; path = RefreshApp.xcdatamodel; sourceTree = "<group>"; };
		4EEC4D6325556C6C003AF923 /* Assets.xcassets */ = {isa = PBXFileReference; lastKnownFileType = folder.assetcatalog; path = Assets.xcassets; sourceTree = "<group>"; };
		4EEC4D6625556C6C003AF923 /* Base */ = {isa = PBXFileReference; lastKnownFileType = file.storyboard; name = Base; path = Base.lproj/LaunchScreen.storyboard; sourceTree = "<group>"; };
		4EEC4D6825556C6C003AF923 /* Info.plist */ = {isa = PBXFileReference; lastKnownFileType = text.plist.xml; path = Info.plist; sourceTree = "<group>"; };
		4EF3EF6D2665D9110050AE42 /* DetailTableViewCell.swift */ = {isa = PBXFileReference; lastKnownFileType = sourcecode.swift; path = DetailTableViewCell.swift; sourceTree = "<group>"; };
		4EF3EF6E2665D9110050AE42 /* DetailTableViewCell.xib */ = {isa = PBXFileReference; lastKnownFileType = file.xib; path = DetailTableViewCell.xib; sourceTree = "<group>"; };
		5E940EAB961E2665551DCB73 /* Pods-RefreshApp-RefreshAppTests.release.xcconfig */ = {isa = PBXFileReference; includeInIndex = 1; lastKnownFileType = text.xcconfig; name = "Pods-RefreshApp-RefreshAppTests.release.xcconfig"; path = "Target Support Files/Pods-RefreshApp-RefreshAppTests/Pods-RefreshApp-RefreshAppTests.release.xcconfig"; sourceTree = "<group>"; };
		75ACDDA01AD76937A63B9D4C /* Pods-RefreshApp-RefreshAppTests.dev-release.xcconfig */ = {isa = PBXFileReference; includeInIndex = 1; lastKnownFileType = text.xcconfig; name = "Pods-RefreshApp-RefreshAppTests.dev-release.xcconfig"; path = "Target Support Files/Pods-RefreshApp-RefreshAppTests/Pods-RefreshApp-RefreshAppTests.dev-release.xcconfig"; sourceTree = "<group>"; };
		7C47E5FEF43F033786A47B69 /* Pods-RefreshApp.release.xcconfig */ = {isa = PBXFileReference; includeInIndex = 1; lastKnownFileType = text.xcconfig; name = "Pods-RefreshApp.release.xcconfig"; path = "Target Support Files/Pods-RefreshApp/Pods-RefreshApp.release.xcconfig"; sourceTree = "<group>"; };
		83F2A7A35FE46EF2FDE9DE5A /* Pods-RefreshApp-RefreshAppTests.debug.xcconfig */ = {isa = PBXFileReference; includeInIndex = 1; lastKnownFileType = text.xcconfig; name = "Pods-RefreshApp-RefreshAppTests.debug.xcconfig"; path = "Target Support Files/Pods-RefreshApp-RefreshAppTests/Pods-RefreshApp-RefreshAppTests.debug.xcconfig"; sourceTree = "<group>"; };
		A42F5141DB95722448D030AA /* Pods-RefreshApp-RefreshAppTests.dev-debug.xcconfig */ = {isa = PBXFileReference; includeInIndex = 1; lastKnownFileType = text.xcconfig; name = "Pods-RefreshApp-RefreshAppTests.dev-debug.xcconfig"; path = "Target Support Files/Pods-RefreshApp-RefreshAppTests/Pods-RefreshApp-RefreshAppTests.dev-debug.xcconfig"; sourceTree = "<group>"; };
		ADAB64EF3A0D9F56C9F19713 /* Pods-RefreshApp.dev-release.xcconfig */ = {isa = PBXFileReference; includeInIndex = 1; lastKnownFileType = text.xcconfig; name = "Pods-RefreshApp.dev-release.xcconfig"; path = "Target Support Files/Pods-RefreshApp/Pods-RefreshApp.dev-release.xcconfig"; sourceTree = "<group>"; };
		C313E7FF25E38F7C00666210 /* FirstViewController.swift */ = {isa = PBXFileReference; fileEncoding = 4; lastKnownFileType = sourcecode.swift; path = FirstViewController.swift; sourceTree = "<group>"; };
		C32258992558DEC1007BB719 /* deletebtn.png */ = {isa = PBXFileReference; lastKnownFileType = image.png; path = deletebtn.png; sourceTree = "<group>"; };
		C322589B2558E4D3007BB719 /* Upload.swift */ = {isa = PBXFileReference; lastKnownFileType = sourcecode.swift; path = Upload.swift; sourceTree = "<group>"; };
		C322589E2559215A007BB719 /* UnsentViewController.swift */ = {isa = PBXFileReference; lastKnownFileType = sourcecode.swift; path = UnsentViewController.swift; sourceTree = "<group>"; };
		C32B7EB72574CD7A008FDE4F /* BRLMPrinterKit.framework */ = {isa = PBXFileReference; lastKnownFileType = wrapper.framework; path = BRLMPrinterKit.framework; sourceTree = "<group>"; };
		C32B7EBD2574CFCB008FDE4F /* RefreshApp-Bridging-Header.h */ = {isa = PBXFileReference; lastKnownFileType = sourcecode.c.h; path = "RefreshApp-Bridging-Header.h"; sourceTree = "<group>"; };
		C34B5BDE25F5FBF200CB41F4 /* inquiry.png */ = {isa = PBXFileReference; lastKnownFileType = image.png; path = inquiry.png; sourceTree = "<group>"; };
		C34D6B362643D4000072B8B6 /* bn04.png */ = {isa = PBXFileReference; lastKnownFileType = image.png; path = bn04.png; sourceTree = "<group>"; };
		C35ABD95261C485F00687CB4 /* InfoView.xib */ = {isa = PBXFileReference; lastKnownFileType = file.xib; path = InfoView.xib; sourceTree = "<group>"; };
		C35ABDA3261C4CCC00687CB4 /* InfoView2.xib */ = {isa = PBXFileReference; fileEncoding = 4; lastKnownFileType = file.xib; path = InfoView2.xib; sourceTree = "<group>"; };
		C35ABDA4261C4CCD00687CB4 /* InfoView2.swift */ = {isa = PBXFileReference; fileEncoding = 4; lastKnownFileType = sourcecode.swift; path = InfoView2.swift; sourceTree = "<group>"; };
		C35E2FB2255A15F2009C9057 /* qrScan.png */ = {isa = PBXFileReference; lastKnownFileType = image.png; path = qrScan.png; sourceTree = "<group>"; };
		C35E2FB4255A1627009C9057 /* camera.png */ = {isa = PBXFileReference; lastKnownFileType = image.png; path = camera.png; sourceTree = "<group>"; };
		C35E2FB8255A165C009C9057 /* upload.png */ = {isa = PBXFileReference; lastKnownFileType = image.png; path = upload.png; sourceTree = "<group>"; };
		C35E2FBA255A1669009C9057 /* unsent.png */ = {isa = PBXFileReference; lastKnownFileType = image.png; path = unsent.png; sourceTree = "<group>"; };
		C35E2FBC255A191D009C9057 /* barcode.png */ = {isa = PBXFileReference; lastKnownFileType = image.png; path = barcode.png; sourceTree = "<group>"; };
		C35E2FBE255A6F71009C9057 /* Common.swift */ = {isa = PBXFileReference; lastKnownFileType = sourcecode.swift; path = Common.swift; sourceTree = "<group>"; };
		C35ED834269ED02C00CA9AE6 /* YakanTableViewCell.swift */ = {isa = PBXFileReference; lastKnownFileType = sourcecode.swift; path = YakanTableViewCell.swift; sourceTree = "<group>"; };
		C3675D1625F1E21300EF415D /* barcode2.png */ = {isa = PBXFileReference; lastKnownFileType = image.png; path = barcode2.png; sourceTree = "<group>"; };
		C3675D1925F1EE4E00EF415D /* InqTableViewCell.swift */ = {isa = PBXFileReference; lastKnownFileType = sourcecode.swift; path = InqTableViewCell.swift; sourceTree = "<group>"; };
		C37D7BF725FB0D30000C91BF /* UploadViewController.swift */ = {isa = PBXFileReference; fileEncoding = 4; lastKnownFileType = sourcecode.swift; path = UploadViewController.swift; sourceTree = "<group>"; };
		C388924C25E3750900EFD720 /* InquiryViewController.swift */ = {isa = PBXFileReference; lastKnownFileType = sourcecode.swift; path = InquiryViewController.swift; sourceTree = "<group>"; };
		C38C13CC25BA88B800653CE9 /* HostConnect.swift */ = {isa = PBXFileReference; fileEncoding = 4; lastKnownFileType = sourcecode.swift; path = HostConnect.swift; sourceTree = "<group>"; };
		C38C13D325BA8BBE00653CE9 /* IBM.swift */ = {isa = PBXFileReference; fileEncoding = 4; lastKnownFileType = sourcecode.swift; path = IBM.swift; sourceTree = "<group>"; };
		C38C13D825BA8E5A00653CE9 /* SimpleAlert.swift */ = {isa = PBXFileReference; fileEncoding = 4; lastKnownFileType = sourcecode.swift; path = SimpleAlert.swift; sourceTree = "<group>"; };
		C3B6423C25C8F11300A2AB50 /* RefreshAppTests.xctest */ = {isa = PBXFileReference; explicitFileType = wrapper.cfbundle; includeInIndex = 0; path = RefreshAppTests.xctest; sourceTree = BUILT_PRODUCTS_DIR; };
		C3B6423E25C8F11300A2AB50 /* RefreshAppTests.swift */ = {isa = PBXFileReference; lastKnownFileType = sourcecode.swift; path = RefreshAppTests.swift; sourceTree = "<group>"; };
		C3B6424025C8F11300A2AB50 /* Info.plist */ = {isa = PBXFileReference; lastKnownFileType = text.plist.xml; path = Info.plist; sourceTree = "<group>"; };
		C3B74FB42574C6A700C78794 /* BRLMPrinterKit.framework */ = {isa = PBXFileReference; lastKnownFileType = wrapper.framework; name = BRLMPrinterKit.framework; path = "../../Xcode練習/bpsdkiall402/bpsdki402/libs/BRLMPrinterKit.framework"; sourceTree = "<group>"; };
		C3C95DEB25889D6F00BBE180 /* BRSelectDeviceTableViewController.swift */ = {isa = PBXFileReference; fileEncoding = 4; lastKnownFileType = sourcecode.swift; path = BRSelectDeviceTableViewController.swift; sourceTree = "<group>"; };
		C3C95DEC25889D6F00BBE180 /* rj4030ai_102mm152mm.bin */ = {isa = PBXFileReference; lastKnownFileType = archive.macbinary; path = rj4030ai_102mm152mm.bin; sourceTree = "<group>"; };
		C3C95DED25889D6F00BBE180 /* 100×200.bmp */ = {isa = PBXFileReference; lastKnownFileType = image.bmp; path = "100×200.bmp"; sourceTree = "<group>"; };
		C3C95DEE25889D6F00BBE180 /* rj4030ai_102mm.bin */ = {isa = PBXFileReference; lastKnownFileType = archive.macbinary; path = rj4030ai_102mm.bin; sourceTree = "<group>"; };
		C3C95DEF25889D6F00BBE180 /* Main2.storyboard */ = {isa = PBXFileReference; fileEncoding = 4; lastKnownFileType = file.storyboard; path = Main2.storyboard; sourceTree = "<group>"; };
		C3C95DF025889D6F00BBE180 /* PrintSampleViewController.swift */ = {isa = PBXFileReference; fileEncoding = 4; lastKnownFileType = sourcecode.swift; path = PrintSampleViewController.swift; sourceTree = "<group>"; };
		C3CB7D58269E75AB00B5B9C2 /* LocalDBViewController.swift */ = {isa = PBXFileReference; lastKnownFileType = sourcecode.swift; path = LocalDBViewController.swift; sourceTree = "<group>"; };
		C3CD18B425C27E050088DE56 /* EnvironmentSwitch.swift */ = {isa = PBXFileReference; lastKnownFileType = sourcecode.swift; path = EnvironmentSwitch.swift; sourceTree = "<group>"; };
		C3DDC4DA25F8620700B2DEAC /* GawaImgViewController.swift */ = {isa = PBXFileReference; lastKnownFileType = sourcecode.swift; path = GawaImgViewController.swift; sourceTree = "<group>"; };
		C3E4C31125BFB63C009AD55C /* reception.png */ = {isa = PBXFileReference; lastKnownFileType = image.png; path = reception.png; sourceTree = "<group>"; };
		E67E3B21BE9B904FC51D8590 /* Pods-RefreshApp.debug.xcconfig */ = {isa = PBXFileReference; includeInIndex = 1; lastKnownFileType = text.xcconfig; name = "Pods-RefreshApp.debug.xcconfig"; path = "Target Support Files/Pods-RefreshApp/Pods-RefreshApp.debug.xcconfig"; sourceTree = "<group>"; };
		E90B360D0AE395D81EBCEF83 /* Pods-RefreshApp.dev-debug.xcconfig */ = {isa = PBXFileReference; includeInIndex = 1; lastKnownFileType = text.xcconfig; name = "Pods-RefreshApp.dev-debug.xcconfig"; path = "Target Support Files/Pods-RefreshApp/Pods-RefreshApp.dev-debug.xcconfig"; sourceTree = "<group>"; };
/* End PBXFileReference section */

/* Begin PBXFrameworksBuildPhase section */
		4EEC4D5125556C69003AF923 /* Frameworks */ = {
			isa = PBXFrameworksBuildPhase;
			buildActionMask = 2147483647;
			files = (
				C32B7EBB2574CDC4008FDE4F /* BRLMPrinterKit.framework in Frameworks */,
				D0B742593C4CD1136AB208F7 /* Pods_RefreshApp.framework in Frameworks */,
			);
			runOnlyForDeploymentPostprocessing = 0;
		};
		C3B6423925C8F11300A2AB50 /* Frameworks */ = {
			isa = PBXFrameworksBuildPhase;
			buildActionMask = 2147483647;
			files = (
				18390178F3B72A020687F64B /* Pods_RefreshApp_RefreshAppTests.framework in Frameworks */,
			);
			runOnlyForDeploymentPostprocessing = 0;
		};
/* End PBXFrameworksBuildPhase section */

/* Begin PBXGroup section */
		4EEC4D4B25556C69003AF923 = {
			isa = PBXGroup;
			children = (
				C32B7EBD2574CFCB008FDE4F /* RefreshApp-Bridging-Header.h */,
				4EEC4D5625556C69003AF923 /* RefreshApp */,
				C32B7EB62574CD7A008FDE4F /* libs */,
				C3B6423D25C8F11300A2AB50 /* RefreshAppTests */,
				4EEC4D5525556C69003AF923 /* Products */,
				C3B74FB32574C6A700C78794 /* Frameworks */,
				61E5AF5C83B4C7280AECF9AA /* Pods */,
			);
			sourceTree = "<group>";
		};
		4EEC4D5525556C69003AF923 /* Products */ = {
			isa = PBXGroup;
			children = (
				4EEC4D5425556C69003AF923 /* RefreshApp.app */,
				C3B6423C25C8F11300A2AB50 /* RefreshAppTests.xctest */,
			);
			name = Products;
			sourceTree = "<group>";
		};
		4EEC4D5625556C69003AF923 /* RefreshApp */ = {
			isa = PBXGroup;
			children = (
				4E5DB92525556E0600A53584 /* RefreshApp.entitlements */,
				C3E6A40825E39DDA00AB420F /* Objects */,
				C322589D255911B1007BB719 /* img */,
				4EEC4D5725556C69003AF923 /* AppDelegate.swift */,
				4EEC4D5B25556C69003AF923 /* ViewController.swift */,
				4EC1EB3525CA8DAC00D35377 /* ReceptionViewController.swift */,
				4E6E772625D4F37800BBA885 /* InfoViewController.swift */,
				4E9C66BA26255683003E29FF /* InfoViewController2.swift */,
				C388924C25E3750900EFD720 /* InquiryViewController.swift */,
				C3675D1925F1EE4E00EF415D /* InqTableViewCell.swift */,
				4ED33533265F7EDF00EB821D /* KoteiViewController.swift */,
				C3CB7D58269E75AB00B5B9C2 /* LocalDBViewController.swift */,
				C35ED834269ED02C00CA9AE6 /* YakanTableViewCell.swift */,
				4EB9B125260345EC003CCEFB /* RefListViewController.swift */,
				4E776DDF2557C96C009344EB /* DispViewController.swift */,
				C3DDC4DA25F8620700B2DEAC /* GawaImgViewController.swift */,
				C322589E2559215A007BB719 /* UnsentViewController.swift */,
				C37D7BF725FB0D30000C91BF /* UploadViewController.swift */,
				4E776DD92557B6C4009344EB /* PhotoViewController.swift */,
				4E776DDC2557B853009344EB /* MyCollectionViewCell.swift */,
				4E5DB92D25557C7700A53584 /* CameraViewController.swift */,
				4E776DE22557D010009344EB /* Camera2ViewController.swift */,
				C313E7FF25E38F7C00666210 /* FirstViewController.swift */,
				4EEC4D5D25556C69003AF923 /* Main.storyboard */,
				C3C95DEF25889D6F00BBE180 /* Main2.storyboard */,
				4ED33538265FC09D00EB821D /* MyPickerView.swift */,
				4ED33537265FC09D00EB821D /* MyPickerView.xib */,
				C3C95DEA25889D6F00BBE180 /* BRPrinter */,
				C3E6A40925E39DF500AB420F /* CusomView */,
				4EEC4D6325556C6C003AF923 /* Assets.xcassets */,
				4EEC4D6525556C6C003AF923 /* LaunchScreen.storyboard */,
				4EEC4D6825556C6C003AF923 /* Info.plist */,
				4EEC4D6025556C69003AF923 /* RefreshApp.xcdatamodeld */,
			);
			path = RefreshApp;
			sourceTree = "<group>";
		};
		61E5AF5C83B4C7280AECF9AA /* Pods */ = {
			isa = PBXGroup;
			children = (
				E67E3B21BE9B904FC51D8590 /* Pods-RefreshApp.debug.xcconfig */,
				7C47E5FEF43F033786A47B69 /* Pods-RefreshApp.release.xcconfig */,
				E90B360D0AE395D81EBCEF83 /* Pods-RefreshApp.dev-debug.xcconfig */,
				ADAB64EF3A0D9F56C9F19713 /* Pods-RefreshApp.dev-release.xcconfig */,
				83F2A7A35FE46EF2FDE9DE5A /* Pods-RefreshApp-RefreshAppTests.debug.xcconfig */,
				A42F5141DB95722448D030AA /* Pods-RefreshApp-RefreshAppTests.dev-debug.xcconfig */,
				5E940EAB961E2665551DCB73 /* Pods-RefreshApp-RefreshAppTests.release.xcconfig */,
				75ACDDA01AD76937A63B9D4C /* Pods-RefreshApp-RefreshAppTests.dev-release.xcconfig */,
			);
			path = Pods;
			sourceTree = "<group>";
		};
		C322589D255911B1007BB719 /* img */ = {
			isa = PBXGroup;
			children = (
				C34B5BDE25F5FBF200CB41F4 /* inquiry.png */,
				C3E4C31125BFB63C009AD55C /* reception.png */,
				C32258992558DEC1007BB719 /* deletebtn.png */,
				4E5DB93025557CD300A53584 /* shutter.png */,
				4E776DE525580EEA009344EB /* left.png */,
				4E776DE625580EEA009344EB /* right.png */,
				C35E2FB2255A15F2009C9057 /* qrScan.png */,
				C35E2FB4255A1627009C9057 /* camera.png */,
				C35E2FBC255A191D009C9057 /* barcode.png */,
				C3675D1625F1E21300EF415D /* barcode2.png */,
				C35E2FB8255A165C009C9057 /* upload.png */,
				C35E2FBA255A1669009C9057 /* unsent.png */,
				4E3D93252615BA0800C584F9 /* reload.png */,
				4E913928263142E900DA29A9 /* entry.png */,
				4E8857AC26368B1B00E9D05C /* koshin.png */,
				4E8857B626368B9900E9D05C /* bn01.png */,
				4E8857B526368B9900E9D05C /* bn02.png */,
				4E8857B426368B9900E9D05C /* bn03.png */,
				C34D6B362643D4000072B8B6 /* bn04.png */,
				4E8857BE26368F8000E9D05C /* camera2.png */,
				4E8857C126368FB100E9D05C /* entry2.png */,
				4EC1E10D2669BEF800AD6DD8 /* kotei.png */,
				4E8857C42636905900E9D05C /* scan.png */,
			);
			path = img;
			sourceTree = "<group>";
		};
		C32B7EB62574CD7A008FDE4F /* libs */ = {
			isa = PBXGroup;
			children = (
				C32B7EB72574CD7A008FDE4F /* BRLMPrinterKit.framework */,
			);
			path = libs;
			sourceTree = "<group>";
		};
		C3B6423D25C8F11300A2AB50 /* RefreshAppTests */ = {
			isa = PBXGroup;
			children = (
				C3B6423E25C8F11300A2AB50 /* RefreshAppTests.swift */,
				C3B6424025C8F11300A2AB50 /* Info.plist */,
			);
			path = RefreshAppTests;
			sourceTree = "<group>";
		};
		C3B74FB32574C6A700C78794 /* Frameworks */ = {
			isa = PBXGroup;
			children = (
				C3B74FB42574C6A700C78794 /* BRLMPrinterKit.framework */,
				13000F623F650A5F2C7ED428 /* Pods_RefreshApp.framework */,
				380D61101C7AF19AC27D8322 /* Pods_RefreshApp_RefreshAppTests.framework */,
			);
			name = Frameworks;
			sourceTree = "<group>";
		};
		C3C95DEA25889D6F00BBE180 /* BRPrinter */ = {
			isa = PBXGroup;
			children = (
				C3C95DEB25889D6F00BBE180 /* BRSelectDeviceTableViewController.swift */,
				C3C95DEC25889D6F00BBE180 /* rj4030ai_102mm152mm.bin */,
				C3C95DED25889D6F00BBE180 /* 100×200.bmp */,
				C3C95DEE25889D6F00BBE180 /* rj4030ai_102mm.bin */,
				C3C95DF025889D6F00BBE180 /* PrintSampleViewController.swift */,
			);
			name = BRPrinter;
			path = RefreshApp/BRPrinter;
			sourceTree = SOURCE_ROOT;
		};
		C3E6A40825E39DDA00AB420F /* Objects */ = {
			isa = PBXGroup;
			children = (
				C38C13CC25BA88B800653CE9 /* HostConnect.swift */,
				C38C13D325BA8BBE00653CE9 /* IBM.swift */,
				C38C13D825BA8E5A00653CE9 /* SimpleAlert.swift */,
				C322589B2558E4D3007BB719 /* Upload.swift */,
				C35E2FBE255A6F71009C9057 /* Common.swift */,
				C3CD18B425C27E050088DE56 /* EnvironmentSwitch.swift */,
				4E3D93162615AC6E00C584F9 /* GetLists.swift */,
				4E9A2FC826789308005391BB /* ScanData.swift */,
				396DCE2D269D69460035DC74 /* LocalDB.swift */,
			);
			path = Objects;
			sourceTree = "<group>";
		};
		C3E6A40925E39DF500AB420F /* CusomView */ = {
			isa = PBXGroup;
			children = (
				4E6E771025D36F4E00BBA885 /* BRLabelView.xib */,
				4E6E771325D36F6500BBA885 /* BRLabelView.swift */,
				4EE50239262531C600AAE522 /* BRLabelView2.swift */,
				4EE502362625181C00AAE522 /* BRLavelView2.xib */,
				4E50A5BD25F767960015B997 /* _BRLabelView.xib */,
				4EBCC91125BE9A0100882906 /* SelectDateView.xib */,
				4EBCC91325BE9A2C00882906 /* SelectDateView.swift */,
				4E5DB92A2555748300A53584 /* ScannerView.xib */,
				4E5DB9272555747100A53584 /* ScannerView.swift */,
				4E37C87525F3D11400314885 /* DetailView.xib */,
				4E37C87825F3D13300314885 /* DetailView.swift */,
				4E81401525F48DF600CAE545 /* DetailView2.xib */,
				4E81401425F48DF500CAE545 /* DetailView2.swift */,
				4EF3EF6D2665D9110050AE42 /* DetailTableViewCell.swift */,
				4EF3EF6E2665D9110050AE42 /* DetailTableViewCell.xib */,
				C35ABD95261C485F00687CB4 /* InfoView.xib */,
				4E0ED3FE2623D9E800A4B714 /* InfoView.swift */,
				C35ABDA3261C4CCC00687CB4 /* InfoView2.xib */,
				C35ABDA4261C4CCD00687CB4 /* InfoView2.swift */,
			);
			path = CusomView;
			sourceTree = "<group>";
		};
/* End PBXGroup section */

/* Begin PBXNativeTarget section */
		4EEC4D5325556C69003AF923 /* RefreshApp */ = {
			isa = PBXNativeTarget;
			buildConfigurationList = 4EEC4D6B25556C6C003AF923 /* Build configuration list for PBXNativeTarget "RefreshApp" */;
			buildPhases = (
				9B83E087094F96E7CF14EC60 /* [CP] Check Pods Manifest.lock */,
				4EEC4D5025556C69003AF923 /* Sources */,
				4EEC4D5125556C69003AF923 /* Frameworks */,
				4EEC4D5225556C69003AF923 /* Resources */,
				C3B74FB72574C6A700C78794 /* Embed Frameworks */,
				86CE9ADFEE35B30D28448FEA /* [CP] Embed Pods Frameworks */,
			);
			buildRules = (
			);
			dependencies = (
			);
			name = RefreshApp;
			productName = RefreshApp;
			productReference = 4EEC4D5425556C69003AF923 /* RefreshApp.app */;
			productType = "com.apple.product-type.application";
		};
		C3B6423B25C8F11300A2AB50 /* RefreshAppTests */ = {
			isa = PBXNativeTarget;
			buildConfigurationList = C3B6424725C8F11300A2AB50 /* Build configuration list for PBXNativeTarget "RefreshAppTests" */;
			buildPhases = (
				A9D2AC75B20145288B5BB3E7 /* [CP] Check Pods Manifest.lock */,
				C3B6423825C8F11300A2AB50 /* Sources */,
				C3B6423925C8F11300A2AB50 /* Frameworks */,
				C3B6423A25C8F11300A2AB50 /* Resources */,
				305E4B9DFFFA1795CB375234 /* [CP] Embed Pods Frameworks */,
			);
			buildRules = (
			);
			dependencies = (
				C3B6424225C8F11300A2AB50 /* PBXTargetDependency */,
			);
			name = RefreshAppTests;
			productName = RefreshAppTests;
			productReference = C3B6423C25C8F11300A2AB50 /* RefreshAppTests.xctest */;
			productType = "com.apple.product-type.bundle.unit-test";
		};
/* End PBXNativeTarget section */

/* Begin PBXProject section */
		4EEC4D4C25556C69003AF923 /* Project object */ = {
			isa = PBXProject;
			attributes = {
				LastSwiftUpdateCheck = 1220;
				LastUpgradeCheck = 1220;
				ORGANIZATIONNAME = "Akiko Shinozaki";
				TargetAttributes = {
					4EEC4D5325556C69003AF923 = {
						CreatedOnToolsVersion = 11.6;
					};
					C3B6423B25C8F11300A2AB50 = {
						CreatedOnToolsVersion = 12.2;
						TestTargetID = 4EEC4D5325556C69003AF923;
					};
				};
			};
			buildConfigurationList = 4EEC4D4F25556C69003AF923 /* Build configuration list for PBXProject "RefreshApp" */;
			compatibilityVersion = "Xcode 9.3";
			developmentRegion = en;
			hasScannedForEncodings = 0;
			knownRegions = (
				en,
				Base,
			);
			mainGroup = 4EEC4D4B25556C69003AF923;
			productRefGroup = 4EEC4D5525556C69003AF923 /* Products */;
			projectDirPath = "";
			projectRoot = "";
			targets = (
				4EEC4D5325556C69003AF923 /* RefreshApp */,
				C3B6423B25C8F11300A2AB50 /* RefreshAppTests */,
			);
		};
/* End PBXProject section */

/* Begin PBXResourcesBuildPhase section */
		4EEC4D5225556C69003AF923 /* Resources */ = {
			isa = PBXResourcesBuildPhase;
			buildActionMask = 2147483647;
			files = (
				4EEC4D6725556C6C003AF923 /* LaunchScreen.storyboard in Resources */,
				C3C95DF325889D6F00BBE180 /* 100×200.bmp in Resources */,
				4E8857BF26368F8000E9D05C /* camera2.png in Resources */,
				4E913929263142EA00DA29A9 /* entry.png in Resources */,
				4E8857C52636905900E9D05C /* scan.png in Resources */,
				C3C95DF425889D6F00BBE180 /* rj4030ai_102mm.bin in Resources */,
				4EF3EF702665D9110050AE42 /* DetailTableViewCell.xib in Resources */,
				4E6E771125D36F4E00BBA885 /* BRLabelView.xib in Resources */,
				4ED33539265FC09D00EB821D /* MyPickerView.xib in Resources */,
				4E5DB92B2555748300A53584 /* ScannerView.xib in Resources */,
				C3C95DF525889D6F00BBE180 /* Main2.storyboard in Resources */,
				4E776DE725580EEA009344EB /* left.png in Resources */,
				C34B5BDF25F5FBF300CB41F4 /* inquiry.png in Resources */,
				4EEC4D6425556C6C003AF923 /* Assets.xcassets in Resources */,
				4EEC4D5F25556C69003AF923 /* Main.storyboard in Resources */,
				C3675D1725F1E21300EF415D /* barcode2.png in Resources */,
				C35E2FB5255A1627009C9057 /* camera.png in Resources */,
				C35ABD96261C485F00687CB4 /* InfoView.xib in Resources */,
				4E8857B726368B9900E9D05C /* bn03.png in Resources */,
				4E5DB93125557CD300A53584 /* shutter.png in Resources */,
				4E8857AD26368B1C00E9D05C /* koshin.png in Resources */,
				C35E2FB9255A165C009C9057 /* upload.png in Resources */,
				4E3D93262615BA0800C584F9 /* reload.png in Resources */,
				4E37C87625F3D11400314885 /* DetailView.xib in Resources */,
				C35E2FB3255A15F2009C9057 /* qrScan.png in Resources */,
				4EBCC91225BE9A0100882906 /* SelectDateView.xib in Resources */,
				4E50A5BE25F767960015B997 /* _BRLabelView.xib in Resources */,
				4E81401725F48DF600CAE545 /* DetailView2.xib in Resources */,
				C3C95DF225889D6F00BBE180 /* rj4030ai_102mm152mm.bin in Resources */,
				C3E4C31225BFB63E009AD55C /* reception.png in Resources */,
				4EC1E10E2669BEF800AD6DD8 /* kotei.png in Resources */,
				4E8857B926368B9900E9D05C /* bn01.png in Resources */,
				C35E2FBD255A191E009C9057 /* barcode.png in Resources */,
				4E8857C226368FB100E9D05C /* entry2.png in Resources */,
				C34D6B372643D4000072B8B6 /* bn04.png in Resources */,
				4E776DE825580EEA009344EB /* right.png in Resources */,
				4EE502372625181C00AAE522 /* BRLavelView2.xib in Resources */,
				C322589A2558DEC1007BB719 /* deletebtn.png in Resources */,
				C35E2FBB255A1669009C9057 /* unsent.png in Resources */,
				C35ABDA5261C4CCD00687CB4 /* InfoView2.xib in Resources */,
				4E8857B826368B9900E9D05C /* bn02.png in Resources */,
			);
			runOnlyForDeploymentPostprocessing = 0;
		};
		C3B6423A25C8F11300A2AB50 /* Resources */ = {
			isa = PBXResourcesBuildPhase;
			buildActionMask = 2147483647;
			files = (
			);
			runOnlyForDeploymentPostprocessing = 0;
		};
/* End PBXResourcesBuildPhase section */

/* Begin PBXShellScriptBuildPhase section */
		305E4B9DFFFA1795CB375234 /* [CP] Embed Pods Frameworks */ = {
			isa = PBXShellScriptBuildPhase;
			buildActionMask = 2147483647;
			files = (
			);
			inputFileListPaths = (
				"${PODS_ROOT}/Target Support Files/Pods-RefreshApp-RefreshAppTests/Pods-RefreshApp-RefreshAppTests-frameworks-${CONFIGURATION}-input-files.xcfilelist",
			);
			name = "[CP] Embed Pods Frameworks";
			outputFileListPaths = (
				"${PODS_ROOT}/Target Support Files/Pods-RefreshApp-RefreshAppTests/Pods-RefreshApp-RefreshAppTests-frameworks-${CONFIGURATION}-output-files.xcfilelist",
			);
			runOnlyForDeploymentPostprocessing = 0;
			shellPath = /bin/sh;
			shellScript = "\"${PODS_ROOT}/Target Support Files/Pods-RefreshApp-RefreshAppTests/Pods-RefreshApp-RefreshAppTests-frameworks.sh\"\n";
			showEnvVarsInLog = 0;
		};
		86CE9ADFEE35B30D28448FEA /* [CP] Embed Pods Frameworks */ = {
			isa = PBXShellScriptBuildPhase;
			buildActionMask = 2147483647;
			files = (
			);
			inputFileListPaths = (
				"${PODS_ROOT}/Target Support Files/Pods-RefreshApp/Pods-RefreshApp-frameworks-${CONFIGURATION}-input-files.xcfilelist",
			);
			name = "[CP] Embed Pods Frameworks";
			outputFileListPaths = (
				"${PODS_ROOT}/Target Support Files/Pods-RefreshApp/Pods-RefreshApp-frameworks-${CONFIGURATION}-output-files.xcfilelist",
			);
			runOnlyForDeploymentPostprocessing = 0;
			shellPath = /bin/sh;
			shellScript = "\"${PODS_ROOT}/Target Support Files/Pods-RefreshApp/Pods-RefreshApp-frameworks.sh\"\n";
			showEnvVarsInLog = 0;
		};
		9B83E087094F96E7CF14EC60 /* [CP] Check Pods Manifest.lock */ = {
			isa = PBXShellScriptBuildPhase;
			buildActionMask = 2147483647;
			files = (
			);
			inputFileListPaths = (
			);
			inputPaths = (
				"${PODS_PODFILE_DIR_PATH}/Podfile.lock",
				"${PODS_ROOT}/Manifest.lock",
			);
			name = "[CP] Check Pods Manifest.lock";
			outputFileListPaths = (
			);
			outputPaths = (
				"$(DERIVED_FILE_DIR)/Pods-RefreshApp-checkManifestLockResult.txt",
			);
			runOnlyForDeploymentPostprocessing = 0;
			shellPath = /bin/sh;
			shellScript = "diff \"${PODS_PODFILE_DIR_PATH}/Podfile.lock\" \"${PODS_ROOT}/Manifest.lock\" > /dev/null\nif [ $? != 0 ] ; then\n    # print error to STDERR\n    echo \"error: The sandbox is not in sync with the Podfile.lock. Run 'pod install' or update your CocoaPods installation.\" >&2\n    exit 1\nfi\n# This output is used by Xcode 'outputs' to avoid re-running this script phase.\necho \"SUCCESS\" > \"${SCRIPT_OUTPUT_FILE_0}\"\n";
			showEnvVarsInLog = 0;
		};
		A9D2AC75B20145288B5BB3E7 /* [CP] Check Pods Manifest.lock */ = {
			isa = PBXShellScriptBuildPhase;
			buildActionMask = 2147483647;
			files = (
			);
			inputFileListPaths = (
			);
			inputPaths = (
				"${PODS_PODFILE_DIR_PATH}/Podfile.lock",
				"${PODS_ROOT}/Manifest.lock",
			);
			name = "[CP] Check Pods Manifest.lock";
			outputFileListPaths = (
			);
			outputPaths = (
				"$(DERIVED_FILE_DIR)/Pods-RefreshApp-RefreshAppTests-checkManifestLockResult.txt",
			);
			runOnlyForDeploymentPostprocessing = 0;
			shellPath = /bin/sh;
			shellScript = "diff \"${PODS_PODFILE_DIR_PATH}/Podfile.lock\" \"${PODS_ROOT}/Manifest.lock\" > /dev/null\nif [ $? != 0 ] ; then\n    # print error to STDERR\n    echo \"error: The sandbox is not in sync with the Podfile.lock. Run 'pod install' or update your CocoaPods installation.\" >&2\n    exit 1\nfi\n# This output is used by Xcode 'outputs' to avoid re-running this script phase.\necho \"SUCCESS\" > \"${SCRIPT_OUTPUT_FILE_0}\"\n";
			showEnvVarsInLog = 0;
		};
/* End PBXShellScriptBuildPhase section */

/* Begin PBXSourcesBuildPhase section */
		4EEC4D5025556C69003AF923 /* Sources */ = {
			isa = PBXSourcesBuildPhase;
			buildActionMask = 2147483647;
			files = (
				C3CB7D59269E75AB00B5B9C2 /* LocalDBViewController.swift in Sources */,
				4EEC4D5C25556C69003AF923 /* ViewController.swift in Sources */,
				4EC1EB3625CA8DAC00D35377 /* ReceptionViewController.swift in Sources */,
				C38C13D925BA8E5A00653CE9 /* SimpleAlert.swift in Sources */,
				4EBCC91425BE9A2C00882906 /* SelectDateView.swift in Sources */,
				4E9C66BB26255684003E29FF /* InfoViewController2.swift in Sources */,
				C35ED835269ED02C00CA9AE6 /* YakanTableViewCell.swift in Sources */,
				4E0ED3FF2623D9E800A4B714 /* InfoView.swift in Sources */,
				C3DDC4DB25F8620700B2DEAC /* GawaImgViewController.swift in Sources */,
				C35ABDA6261C4CCD00687CB4 /* InfoView2.swift in Sources */,
				4E3D93172615AC6E00C584F9 /* GetLists.swift in Sources */,
				4E776DE32557D010009344EB /* Camera2ViewController.swift in Sources */,
				C388924D25E3750900EFD720 /* InquiryViewController.swift in Sources */,
				C37D7BF825FB0D30000C91BF /* UploadViewController.swift in Sources */,
				4E776DDD2557B853009344EB /* MyCollectionViewCell.swift in Sources */,
				C3675D1A25F1EE4E00EF415D /* InqTableViewCell.swift in Sources */,
				C3C95DF125889D6F00BBE180 /* BRSelectDeviceTableViewController.swift in Sources */,
				C3C95DF625889D6F00BBE180 /* PrintSampleViewController.swift in Sources */,
				4E6E771425D36F6500BBA885 /* BRLabelView.swift in Sources */,
				4E776DE02557C96C009344EB /* DispViewController.swift in Sources */,
				4EF3EF6F2665D9110050AE42 /* DetailTableViewCell.swift in Sources */,
				4ED3353A265FC09D00EB821D /* MyPickerView.swift in Sources */,
				4E9A2FC926789308005391BB /* ScanData.swift in Sources */,
				C35E2FBF255A6F71009C9057 /* Common.swift in Sources */,
				4EE5023A262531C600AAE522 /* BRLabelView2.swift in Sources */,
				4E5DB92E25557C7700A53584 /* CameraViewController.swift in Sources */,
				4E5DB9282555747100A53584 /* ScannerView.swift in Sources */,
				396DCE2E269D69470035DC74 /* LocalDB.swift in Sources */,
				4E81401625F48DF600CAE545 /* DetailView2.swift in Sources */,
				C322589C2558E4D3007BB719 /* Upload.swift in Sources */,
				C38C13CD25BA88B800653CE9 /* HostConnect.swift in Sources */,
				4EEC4D5825556C69003AF923 /* AppDelegate.swift in Sources */,
				C38C13D425BA8BBE00653CE9 /* IBM.swift in Sources */,
				4ED33534265F7EDF00EB821D /* KoteiViewController.swift in Sources */,
				4EEC4D6225556C69003AF923 /* RefreshApp.xcdatamodeld in Sources */,
				C313E80025E38F7C00666210 /* FirstViewController.swift in Sources */,
				4E37C87925F3D13300314885 /* DetailView.swift in Sources */,
				C3CD18B525C27E050088DE56 /* EnvironmentSwitch.swift in Sources */,
				4E776DDA2557B6C4009344EB /* PhotoViewController.swift in Sources */,
				4EB9B126260345EC003CCEFB /* RefListViewController.swift in Sources */,
				C322589F2559215A007BB719 /* UnsentViewController.swift in Sources */,
				4E6E772725D4F37800BBA885 /* InfoViewController.swift in Sources */,
			);
			runOnlyForDeploymentPostprocessing = 0;
		};
		C3B6423825C8F11300A2AB50 /* Sources */ = {
			isa = PBXSourcesBuildPhase;
			buildActionMask = 2147483647;
			files = (
				396DCE2C269D3F720035DC74 /* Common.swift in Sources */,
				C3B6423F25C8F11300A2AB50 /* RefreshAppTests.swift in Sources */,
			);
			runOnlyForDeploymentPostprocessing = 0;
		};
/* End PBXSourcesBuildPhase section */

/* Begin PBXTargetDependency section */
		C3B6424225C8F11300A2AB50 /* PBXTargetDependency */ = {
			isa = PBXTargetDependency;
			target = 4EEC4D5325556C69003AF923 /* RefreshApp */;
			targetProxy = C3B6424125C8F11300A2AB50 /* PBXContainerItemProxy */;
		};
/* End PBXTargetDependency section */

/* Begin PBXVariantGroup section */
		4EEC4D5D25556C69003AF923 /* Main.storyboard */ = {
			isa = PBXVariantGroup;
			children = (
				4EEC4D5E25556C69003AF923 /* Base */,
			);
			name = Main.storyboard;
			sourceTree = "<group>";
		};
		4EEC4D6525556C6C003AF923 /* LaunchScreen.storyboard */ = {
			isa = PBXVariantGroup;
			children = (
				4EEC4D6625556C6C003AF923 /* Base */,
			);
			name = LaunchScreen.storyboard;
			sourceTree = "<group>";
		};
/* End PBXVariantGroup section */

/* Begin XCBuildConfiguration section */
		4EEC4D6925556C6C003AF923 /* Debug */ = {
			isa = XCBuildConfiguration;
			buildSettings = {
				ALWAYS_SEARCH_USER_PATHS = NO;
				CLANG_ANALYZER_NONNULL = YES;
				CLANG_ANALYZER_NUMBER_OBJECT_CONVERSION = YES_AGGRESSIVE;
				CLANG_CXX_LANGUAGE_STANDARD = "gnu++14";
				CLANG_CXX_LIBRARY = "libc++";
				CLANG_ENABLE_MODULES = YES;
				CLANG_ENABLE_OBJC_ARC = YES;
				CLANG_ENABLE_OBJC_WEAK = YES;
				CLANG_WARN_BLOCK_CAPTURE_AUTORELEASING = YES;
				CLANG_WARN_BOOL_CONVERSION = YES;
				CLANG_WARN_COMMA = YES;
				CLANG_WARN_CONSTANT_CONVERSION = YES;
				CLANG_WARN_DEPRECATED_OBJC_IMPLEMENTATIONS = YES;
				CLANG_WARN_DIRECT_OBJC_ISA_USAGE = YES_ERROR;
				CLANG_WARN_DOCUMENTATION_COMMENTS = YES;
				CLANG_WARN_EMPTY_BODY = YES;
				CLANG_WARN_ENUM_CONVERSION = YES;
				CLANG_WARN_INFINITE_RECURSION = YES;
				CLANG_WARN_INT_CONVERSION = YES;
				CLANG_WARN_NON_LITERAL_NULL_CONVERSION = YES;
				CLANG_WARN_OBJC_IMPLICIT_RETAIN_SELF = YES;
				CLANG_WARN_OBJC_LITERAL_CONVERSION = YES;
				CLANG_WARN_OBJC_ROOT_CLASS = YES_ERROR;
				CLANG_WARN_QUOTED_INCLUDE_IN_FRAMEWORK_HEADER = YES;
				CLANG_WARN_RANGE_LOOP_ANALYSIS = YES;
				CLANG_WARN_STRICT_PROTOTYPES = YES;
				CLANG_WARN_SUSPICIOUS_MOVE = YES;
				CLANG_WARN_UNGUARDED_AVAILABILITY = YES_AGGRESSIVE;
				CLANG_WARN_UNREACHABLE_CODE = YES;
				CLANG_WARN__DUPLICATE_METHOD_MATCH = YES;
				COPY_PHASE_STRIP = NO;
				DEBUG_INFORMATION_FORMAT = dwarf;
				ENABLE_STRICT_OBJC_MSGSEND = YES;
				ENABLE_TESTABILITY = YES;
				GCC_C_LANGUAGE_STANDARD = gnu11;
				GCC_DYNAMIC_NO_PIC = NO;
				GCC_NO_COMMON_BLOCKS = YES;
				GCC_OPTIMIZATION_LEVEL = 0;
				GCC_PREPROCESSOR_DEFINITIONS = (
					"DEBUG=1",
					"$(inherited)",
				);
				GCC_WARN_64_TO_32_BIT_CONVERSION = YES;
				GCC_WARN_ABOUT_RETURN_TYPE = YES_ERROR;
				GCC_WARN_UNDECLARED_SELECTOR = YES;
				GCC_WARN_UNINITIALIZED_AUTOS = YES_AGGRESSIVE;
				GCC_WARN_UNUSED_FUNCTION = YES;
				GCC_WARN_UNUSED_VARIABLE = YES;
				IPHONEOS_DEPLOYMENT_TARGET = 13.6;
				MTL_ENABLE_DEBUG_INFO = INCLUDE_SOURCE;
				MTL_FAST_MATH = YES;
				ONLY_ACTIVE_ARCH = YES;
				OTHER_SWIFT_FLAGS = "-D DEBUG";
				SDKROOT = iphoneos;
				SWIFT_ACTIVE_COMPILATION_CONDITIONS = DEBUG;
				SWIFT_OPTIMIZATION_LEVEL = "-Onone";
			};
			name = Debug;
		};
		4EEC4D6A25556C6C003AF923 /* Release */ = {
			isa = XCBuildConfiguration;
			buildSettings = {
				ALWAYS_SEARCH_USER_PATHS = NO;
				CLANG_ANALYZER_NONNULL = YES;
				CLANG_ANALYZER_NUMBER_OBJECT_CONVERSION = YES_AGGRESSIVE;
				CLANG_CXX_LANGUAGE_STANDARD = "gnu++14";
				CLANG_CXX_LIBRARY = "libc++";
				CLANG_ENABLE_MODULES = YES;
				CLANG_ENABLE_OBJC_ARC = YES;
				CLANG_ENABLE_OBJC_WEAK = YES;
				CLANG_WARN_BLOCK_CAPTURE_AUTORELEASING = YES;
				CLANG_WARN_BOOL_CONVERSION = YES;
				CLANG_WARN_COMMA = YES;
				CLANG_WARN_CONSTANT_CONVERSION = YES;
				CLANG_WARN_DEPRECATED_OBJC_IMPLEMENTATIONS = YES;
				CLANG_WARN_DIRECT_OBJC_ISA_USAGE = YES_ERROR;
				CLANG_WARN_DOCUMENTATION_COMMENTS = YES;
				CLANG_WARN_EMPTY_BODY = YES;
				CLANG_WARN_ENUM_CONVERSION = YES;
				CLANG_WARN_INFINITE_RECURSION = YES;
				CLANG_WARN_INT_CONVERSION = YES;
				CLANG_WARN_NON_LITERAL_NULL_CONVERSION = YES;
				CLANG_WARN_OBJC_IMPLICIT_RETAIN_SELF = YES;
				CLANG_WARN_OBJC_LITERAL_CONVERSION = YES;
				CLANG_WARN_OBJC_ROOT_CLASS = YES_ERROR;
				CLANG_WARN_QUOTED_INCLUDE_IN_FRAMEWORK_HEADER = YES;
				CLANG_WARN_RANGE_LOOP_ANALYSIS = YES;
				CLANG_WARN_STRICT_PROTOTYPES = YES;
				CLANG_WARN_SUSPICIOUS_MOVE = YES;
				CLANG_WARN_UNGUARDED_AVAILABILITY = YES_AGGRESSIVE;
				CLANG_WARN_UNREACHABLE_CODE = YES;
				CLANG_WARN__DUPLICATE_METHOD_MATCH = YES;
				COPY_PHASE_STRIP = NO;
				DEBUG_INFORMATION_FORMAT = "dwarf-with-dsym";
				ENABLE_NS_ASSERTIONS = NO;
				ENABLE_STRICT_OBJC_MSGSEND = YES;
				GCC_C_LANGUAGE_STANDARD = gnu11;
				GCC_NO_COMMON_BLOCKS = YES;
				GCC_WARN_64_TO_32_BIT_CONVERSION = YES;
				GCC_WARN_ABOUT_RETURN_TYPE = YES_ERROR;
				GCC_WARN_UNDECLARED_SELECTOR = YES;
				GCC_WARN_UNINITIALIZED_AUTOS = YES_AGGRESSIVE;
				GCC_WARN_UNUSED_FUNCTION = YES;
				GCC_WARN_UNUSED_VARIABLE = YES;
				IPHONEOS_DEPLOYMENT_TARGET = 13.6;
				MTL_ENABLE_DEBUG_INFO = NO;
				MTL_FAST_MATH = YES;
				SDKROOT = iphoneos;
				SWIFT_COMPILATION_MODE = wholemodule;
				SWIFT_OPTIMIZATION_LEVEL = "-O";
				VALIDATE_PRODUCT = YES;
			};
			name = Release;
		};
		4EEC4D6C25556C6C003AF923 /* Debug */ = {
			isa = XCBuildConfiguration;
			baseConfigurationReference = E67E3B21BE9B904FC51D8590 /* Pods-RefreshApp.debug.xcconfig */;
			buildSettings = {
				ASSETCATALOG_COMPILER_APPICON_NAME = AppIcon;
				BUNDLE_ID_SUFFIX = "";
				CODE_SIGN_ENTITLEMENTS = RefreshApp/RefreshApp.entitlements;
				CODE_SIGN_STYLE = Automatic;
				CURRENT_PROJECT_VERSION = 1.41;
				DEVELOPMENT_TEAM = G4JZMC2GW3;
				DISPLAY_NAME_PREFIX = "";
				ENABLE_BITCODE = YES;
				FRAMEWORK_SEARCH_PATHS = (
					"$(inherited)",
					"$(PROJECT_DIR)/libs",
				);
				HEADER_SEARCH_PATHS = "";
				INFOPLIST_FILE = RefreshApp/Info.plist;
				IPHONEOS_DEPLOYMENT_TARGET = 13.0;
				LD_RUNPATH_SEARCH_PATHS = (
					"$(inherited)",
					"@executable_path/Frameworks",
				);
				LIBRARY_SEARCH_PATHS = "";
				MARKETING_VERSION = 1.41;
				PRODUCT_BUNDLE_IDENTIFIER = com.oktss.RefreshApp;
				PRODUCT_NAME = "$(TARGET_NAME)";
				SWIFT_OBJC_BRIDGING_HEADER = "$(PROJECT_DIR)/RefreshApp-Bridging-Header.h";
				SWIFT_VERSION = 5.0;
				TARGETED_DEVICE_FAMILY = "1,2";
				VALIDATE_WORKSPACE = YES;
			};
			name = Debug;
		};
		4EEC4D6D25556C6C003AF923 /* Release */ = {
			isa = XCBuildConfiguration;
			baseConfigurationReference = 7C47E5FEF43F033786A47B69 /* Pods-RefreshApp.release.xcconfig */;
			buildSettings = {
				ASSETCATALOG_COMPILER_APPICON_NAME = AppIcon;
				BUNDLE_ID_SUFFIX = "";
				CODE_SIGN_ENTITLEMENTS = RefreshApp/RefreshApp.entitlements;
				CODE_SIGN_STYLE = Automatic;
				CURRENT_PROJECT_VERSION = 1.41;
				DEVELOPMENT_TEAM = G4JZMC2GW3;
				DISPLAY_NAME_PREFIX = "";
				ENABLE_BITCODE = YES;
				FRAMEWORK_SEARCH_PATHS = (
					"$(inherited)",
					"$(PROJECT_DIR)/libs",
				);
				HEADER_SEARCH_PATHS = "";
				INFOPLIST_FILE = RefreshApp/Info.plist;
				IPHONEOS_DEPLOYMENT_TARGET = 13.0;
				LD_RUNPATH_SEARCH_PATHS = (
					"$(inherited)",
					"@executable_path/Frameworks",
				);
				LIBRARY_SEARCH_PATHS = "";
				MARKETING_VERSION = 1.41;
				PRODUCT_BUNDLE_IDENTIFIER = com.oktss.RefreshApp;
				PRODUCT_NAME = "$(TARGET_NAME)";
				SWIFT_OBJC_BRIDGING_HEADER = "$(PROJECT_DIR)/RefreshApp-Bridging-Header.h";
				SWIFT_VERSION = 5.0;
				TARGETED_DEVICE_FAMILY = "1,2";
				VALIDATE_WORKSPACE = YES;
			};
			name = Release;
		};
		C35A3AE225BFA25600EE9708 /* Dev-Debug */ = {
			isa = XCBuildConfiguration;
			buildSettings = {
				ALWAYS_SEARCH_USER_PATHS = NO;
				CLANG_ANALYZER_NONNULL = YES;
				CLANG_ANALYZER_NUMBER_OBJECT_CONVERSION = YES_AGGRESSIVE;
				CLANG_CXX_LANGUAGE_STANDARD = "gnu++14";
				CLANG_CXX_LIBRARY = "libc++";
				CLANG_ENABLE_MODULES = YES;
				CLANG_ENABLE_OBJC_ARC = YES;
				CLANG_ENABLE_OBJC_WEAK = YES;
				CLANG_WARN_BLOCK_CAPTURE_AUTORELEASING = YES;
				CLANG_WARN_BOOL_CONVERSION = YES;
				CLANG_WARN_COMMA = YES;
				CLANG_WARN_CONSTANT_CONVERSION = YES;
				CLANG_WARN_DEPRECATED_OBJC_IMPLEMENTATIONS = YES;
				CLANG_WARN_DIRECT_OBJC_ISA_USAGE = YES_ERROR;
				CLANG_WARN_DOCUMENTATION_COMMENTS = YES;
				CLANG_WARN_EMPTY_BODY = YES;
				CLANG_WARN_ENUM_CONVERSION = YES;
				CLANG_WARN_INFINITE_RECURSION = YES;
				CLANG_WARN_INT_CONVERSION = YES;
				CLANG_WARN_NON_LITERAL_NULL_CONVERSION = YES;
				CLANG_WARN_OBJC_IMPLICIT_RETAIN_SELF = YES;
				CLANG_WARN_OBJC_LITERAL_CONVERSION = YES;
				CLANG_WARN_OBJC_ROOT_CLASS = YES_ERROR;
				CLANG_WARN_QUOTED_INCLUDE_IN_FRAMEWORK_HEADER = YES;
				CLANG_WARN_RANGE_LOOP_ANALYSIS = YES;
				CLANG_WARN_STRICT_PROTOTYPES = YES;
				CLANG_WARN_SUSPICIOUS_MOVE = YES;
				CLANG_WARN_UNGUARDED_AVAILABILITY = YES_AGGRESSIVE;
				CLANG_WARN_UNREACHABLE_CODE = YES;
				CLANG_WARN__DUPLICATE_METHOD_MATCH = YES;
				COPY_PHASE_STRIP = NO;
				DEBUG_INFORMATION_FORMAT = dwarf;
				ENABLE_STRICT_OBJC_MSGSEND = YES;
				ENABLE_TESTABILITY = YES;
				GCC_C_LANGUAGE_STANDARD = gnu11;
				GCC_DYNAMIC_NO_PIC = NO;
				GCC_NO_COMMON_BLOCKS = YES;
				GCC_OPTIMIZATION_LEVEL = 0;
				GCC_PREPROCESSOR_DEFINITIONS = (
					"DEBUG=1",
					"$(inherited)",
				);
				GCC_WARN_64_TO_32_BIT_CONVERSION = YES;
				GCC_WARN_ABOUT_RETURN_TYPE = YES_ERROR;
				GCC_WARN_UNDECLARED_SELECTOR = YES;
				GCC_WARN_UNINITIALIZED_AUTOS = YES_AGGRESSIVE;
				GCC_WARN_UNUSED_FUNCTION = YES;
				GCC_WARN_UNUSED_VARIABLE = YES;
				IPHONEOS_DEPLOYMENT_TARGET = 13.6;
				MTL_ENABLE_DEBUG_INFO = INCLUDE_SOURCE;
				MTL_FAST_MATH = YES;
				ONLY_ACTIVE_ARCH = YES;
				OTHER_SWIFT_FLAGS = "-D DEV -D DEBUG";
				SDKROOT = iphoneos;
				SWIFT_ACTIVE_COMPILATION_CONDITIONS = DEBUG;
				SWIFT_OPTIMIZATION_LEVEL = "-Onone";
			};
			name = "Dev-Debug";
		};
		C35A3AE325BFA25600EE9708 /* Dev-Debug */ = {
			isa = XCBuildConfiguration;
			baseConfigurationReference = E90B360D0AE395D81EBCEF83 /* Pods-RefreshApp.dev-debug.xcconfig */;
			buildSettings = {
				ASSETCATALOG_COMPILER_APPICON_NAME = AppIcon_dev;
				BUNDLE_ID_SUFFIX = _dev;
				CODE_SIGN_ENTITLEMENTS = RefreshApp/RefreshApp.entitlements;
				CODE_SIGN_STYLE = Automatic;
				CURRENT_PROJECT_VERSION = 1.41;
				DEVELOPMENT_TEAM = G4JZMC2GW3;
				DISPLAY_NAME_PREFIX = Dev;
				ENABLE_BITCODE = YES;
				FRAMEWORK_SEARCH_PATHS = (
					"$(inherited)",
					"$(PROJECT_DIR)/libs",
				);
				HEADER_SEARCH_PATHS = "";
				INFOPLIST_FILE = RefreshApp/Info.plist;
				IPHONEOS_DEPLOYMENT_TARGET = 13.0;
				LD_RUNPATH_SEARCH_PATHS = (
					"$(inherited)",
					"@executable_path/Frameworks",
				);
				LIBRARY_SEARCH_PATHS = "";
				MARKETING_VERSION = 1.41;
				PRODUCT_BUNDLE_IDENTIFIER = com.oktss.RefreshApp;
				PRODUCT_NAME = "$(TARGET_NAME)";
				SWIFT_OBJC_BRIDGING_HEADER = "$(PROJECT_DIR)/RefreshApp-Bridging-Header.h";
				SWIFT_VERSION = 5.0;
				TARGETED_DEVICE_FAMILY = "1,2";
				VALIDATE_WORKSPACE = YES;
			};
			name = "Dev-Debug";
		};
		C35A3AE425BFA28200EE9708 /* Dev-Release */ = {
			isa = XCBuildConfiguration;
			buildSettings = {
				ALWAYS_SEARCH_USER_PATHS = NO;
				CLANG_ANALYZER_NONNULL = YES;
				CLANG_ANALYZER_NUMBER_OBJECT_CONVERSION = YES_AGGRESSIVE;
				CLANG_CXX_LANGUAGE_STANDARD = "gnu++14";
				CLANG_CXX_LIBRARY = "libc++";
				CLANG_ENABLE_MODULES = YES;
				CLANG_ENABLE_OBJC_ARC = YES;
				CLANG_ENABLE_OBJC_WEAK = YES;
				CLANG_WARN_BLOCK_CAPTURE_AUTORELEASING = YES;
				CLANG_WARN_BOOL_CONVERSION = YES;
				CLANG_WARN_COMMA = YES;
				CLANG_WARN_CONSTANT_CONVERSION = YES;
				CLANG_WARN_DEPRECATED_OBJC_IMPLEMENTATIONS = YES;
				CLANG_WARN_DIRECT_OBJC_ISA_USAGE = YES_ERROR;
				CLANG_WARN_DOCUMENTATION_COMMENTS = YES;
				CLANG_WARN_EMPTY_BODY = YES;
				CLANG_WARN_ENUM_CONVERSION = YES;
				CLANG_WARN_INFINITE_RECURSION = YES;
				CLANG_WARN_INT_CONVERSION = YES;
				CLANG_WARN_NON_LITERAL_NULL_CONVERSION = YES;
				CLANG_WARN_OBJC_IMPLICIT_RETAIN_SELF = YES;
				CLANG_WARN_OBJC_LITERAL_CONVERSION = YES;
				CLANG_WARN_OBJC_ROOT_CLASS = YES_ERROR;
				CLANG_WARN_QUOTED_INCLUDE_IN_FRAMEWORK_HEADER = YES;
				CLANG_WARN_RANGE_LOOP_ANALYSIS = YES;
				CLANG_WARN_STRICT_PROTOTYPES = YES;
				CLANG_WARN_SUSPICIOUS_MOVE = YES;
				CLANG_WARN_UNGUARDED_AVAILABILITY = YES_AGGRESSIVE;
				CLANG_WARN_UNREACHABLE_CODE = YES;
				CLANG_WARN__DUPLICATE_METHOD_MATCH = YES;
				COPY_PHASE_STRIP = NO;
				DEBUG_INFORMATION_FORMAT = "dwarf-with-dsym";
				ENABLE_NS_ASSERTIONS = NO;
				ENABLE_STRICT_OBJC_MSGSEND = YES;
				GCC_C_LANGUAGE_STANDARD = gnu11;
				GCC_NO_COMMON_BLOCKS = YES;
				GCC_WARN_64_TO_32_BIT_CONVERSION = YES;
				GCC_WARN_ABOUT_RETURN_TYPE = YES_ERROR;
				GCC_WARN_UNDECLARED_SELECTOR = YES;
				GCC_WARN_UNINITIALIZED_AUTOS = YES_AGGRESSIVE;
				GCC_WARN_UNUSED_FUNCTION = YES;
				GCC_WARN_UNUSED_VARIABLE = YES;
				IPHONEOS_DEPLOYMENT_TARGET = 13.6;
				MTL_ENABLE_DEBUG_INFO = NO;
				MTL_FAST_MATH = YES;
				OTHER_SWIFT_FLAGS = "-D DEV";
				SDKROOT = iphoneos;
				SWIFT_ACTIVE_COMPILATION_CONDITIONS = "";
				SWIFT_COMPILATION_MODE = wholemodule;
				SWIFT_OPTIMIZATION_LEVEL = "-O";
				VALIDATE_PRODUCT = YES;
			};
			name = "Dev-Release";
		};
		C35A3AE525BFA28200EE9708 /* Dev-Release */ = {
			isa = XCBuildConfiguration;
			baseConfigurationReference = ADAB64EF3A0D9F56C9F19713 /* Pods-RefreshApp.dev-release.xcconfig */;
			buildSettings = {
				ASSETCATALOG_COMPILER_APPICON_NAME = AppIcon_dev;
				BUNDLE_ID_SUFFIX = _dev;
				CODE_SIGN_ENTITLEMENTS = RefreshApp/RefreshApp.entitlements;
				CODE_SIGN_STYLE = Automatic;
				CURRENT_PROJECT_VERSION = 1.41;
				DEVELOPMENT_TEAM = G4JZMC2GW3;
				DISPLAY_NAME_PREFIX = Dev;
				ENABLE_BITCODE = YES;
				FRAMEWORK_SEARCH_PATHS = (
					"$(inherited)",
					"$(PROJECT_DIR)/libs",
				);
				HEADER_SEARCH_PATHS = "";
				INFOPLIST_FILE = RefreshApp/Info.plist;
				IPHONEOS_DEPLOYMENT_TARGET = 13.0;
				LD_RUNPATH_SEARCH_PATHS = (
					"$(inherited)",
					"@executable_path/Frameworks",
				);
				LIBRARY_SEARCH_PATHS = "";
				MARKETING_VERSION = 1.41;
				PRODUCT_BUNDLE_IDENTIFIER = com.oktss.RefreshApp;
				PRODUCT_NAME = "$(TARGET_NAME)";
				SWIFT_OBJC_BRIDGING_HEADER = "$(PROJECT_DIR)/RefreshApp-Bridging-Header.h";
				SWIFT_VERSION = 5.0;
				TARGETED_DEVICE_FAMILY = "1,2";
				VALIDATE_WORKSPACE = YES;
			};
			name = "Dev-Release";
		};
		C3B6424325C8F11300A2AB50 /* Debug */ = {
			isa = XCBuildConfiguration;
			baseConfigurationReference = 83F2A7A35FE46EF2FDE9DE5A /* Pods-RefreshApp-RefreshAppTests.debug.xcconfig */;
			buildSettings = {
				BUNDLE_LOADER = "$(TEST_HOST)";
				CODE_SIGN_STYLE = Automatic;
				DEVELOPMENT_TEAM = G4JZMC2GW3;
				INFOPLIST_FILE = RefreshAppTests/Info.plist;
				IPHONEOS_DEPLOYMENT_TARGET = 13.0;
				LD_RUNPATH_SEARCH_PATHS = (
					"$(inherited)",
					"@executable_path/Frameworks",
					"@loader_path/Frameworks",
				);
				PRODUCT_BUNDLE_IDENTIFIER = com.oktss.RefreshAppTests;
				PRODUCT_NAME = "$(TARGET_NAME)";
				SWIFT_VERSION = 5.0;
				TARGETED_DEVICE_FAMILY = "1,2";
				TEST_HOST = "$(BUILT_PRODUCTS_DIR)/RefreshApp.app/RefreshApp";
			};
			name = Debug;
		};
		C3B6424425C8F11300A2AB50 /* Dev-Debug */ = {
			isa = XCBuildConfiguration;
			baseConfigurationReference = A42F5141DB95722448D030AA /* Pods-RefreshApp-RefreshAppTests.dev-debug.xcconfig */;
			buildSettings = {
				BUNDLE_LOADER = "$(TEST_HOST)";
				CODE_SIGN_STYLE = Automatic;
				DEVELOPMENT_TEAM = G4JZMC2GW3;
				INFOPLIST_FILE = RefreshAppTests/Info.plist;
				IPHONEOS_DEPLOYMENT_TARGET = 13.0;
				LD_RUNPATH_SEARCH_PATHS = (
					"$(inherited)",
					"@executable_path/Frameworks",
					"@loader_path/Frameworks",
				);
				PRODUCT_BUNDLE_IDENTIFIER = com.oktss.RefreshAppTests;
				PRODUCT_NAME = "$(TARGET_NAME)";
				SWIFT_VERSION = 5.0;
				TARGETED_DEVICE_FAMILY = "1,2";
				TEST_HOST = "$(BUILT_PRODUCTS_DIR)/RefreshApp.app/RefreshApp";
			};
			name = "Dev-Debug";
		};
		C3B6424525C8F11300A2AB50 /* Release */ = {
			isa = XCBuildConfiguration;
			baseConfigurationReference = 5E940EAB961E2665551DCB73 /* Pods-RefreshApp-RefreshAppTests.release.xcconfig */;
			buildSettings = {
				BUNDLE_LOADER = "$(TEST_HOST)";
				CODE_SIGN_STYLE = Automatic;
				DEVELOPMENT_TEAM = G4JZMC2GW3;
				INFOPLIST_FILE = RefreshAppTests/Info.plist;
				IPHONEOS_DEPLOYMENT_TARGET = 13.0;
				LD_RUNPATH_SEARCH_PATHS = (
					"$(inherited)",
					"@executable_path/Frameworks",
					"@loader_path/Frameworks",
				);
				PRODUCT_BUNDLE_IDENTIFIER = com.oktss.RefreshAppTests;
				PRODUCT_NAME = "$(TARGET_NAME)";
				SWIFT_VERSION = 5.0;
				TARGETED_DEVICE_FAMILY = "1,2";
				TEST_HOST = "$(BUILT_PRODUCTS_DIR)/RefreshApp.app/RefreshApp";
			};
			name = Release;
		};
		C3B6424625C8F11300A2AB50 /* Dev-Release */ = {
			isa = XCBuildConfiguration;
			baseConfigurationReference = 75ACDDA01AD76937A63B9D4C /* Pods-RefreshApp-RefreshAppTests.dev-release.xcconfig */;
			buildSettings = {
				BUNDLE_LOADER = "$(TEST_HOST)";
				CODE_SIGN_STYLE = Automatic;
				DEVELOPMENT_TEAM = G4JZMC2GW3;
				INFOPLIST_FILE = RefreshAppTests/Info.plist;
				IPHONEOS_DEPLOYMENT_TARGET = 13.0;
				LD_RUNPATH_SEARCH_PATHS = (
					"$(inherited)",
					"@executable_path/Frameworks",
					"@loader_path/Frameworks",
				);
				PRODUCT_BUNDLE_IDENTIFIER = com.oktss.RefreshAppTests;
				PRODUCT_NAME = "$(TARGET_NAME)";
				SWIFT_VERSION = 5.0;
				TARGETED_DEVICE_FAMILY = "1,2";
				TEST_HOST = "$(BUILT_PRODUCTS_DIR)/RefreshApp.app/RefreshApp";
			};
			name = "Dev-Release";
		};
/* End XCBuildConfiguration section */

/* Begin XCConfigurationList section */
		4EEC4D4F25556C69003AF923 /* Build configuration list for PBXProject "RefreshApp" */ = {
			isa = XCConfigurationList;
			buildConfigurations = (
				4EEC4D6925556C6C003AF923 /* Debug */,
				C35A3AE225BFA25600EE9708 /* Dev-Debug */,
				4EEC4D6A25556C6C003AF923 /* Release */,
				C35A3AE425BFA28200EE9708 /* Dev-Release */,
			);
			defaultConfigurationIsVisible = 0;
			defaultConfigurationName = Release;
		};
		4EEC4D6B25556C6C003AF923 /* Build configuration list for PBXNativeTarget "RefreshApp" */ = {
			isa = XCConfigurationList;
			buildConfigurations = (
				4EEC4D6C25556C6C003AF923 /* Debug */,
				C35A3AE325BFA25600EE9708 /* Dev-Debug */,
				4EEC4D6D25556C6C003AF923 /* Release */,
				C35A3AE525BFA28200EE9708 /* Dev-Release */,
			);
			defaultConfigurationIsVisible = 0;
			defaultConfigurationName = Release;
		};
		C3B6424725C8F11300A2AB50 /* Build configuration list for PBXNativeTarget "RefreshAppTests" */ = {
			isa = XCConfigurationList;
			buildConfigurations = (
				C3B6424325C8F11300A2AB50 /* Debug */,
				C3B6424425C8F11300A2AB50 /* Dev-Debug */,
				C3B6424525C8F11300A2AB50 /* Release */,
				C3B6424625C8F11300A2AB50 /* Dev-Release */,
			);
			defaultConfigurationIsVisible = 0;
			defaultConfigurationName = Release;
		};
/* End XCConfigurationList section */

/* Begin XCVersionGroup section */
		4EEC4D6025556C69003AF923 /* RefreshApp.xcdatamodeld */ = {
			isa = XCVersionGroup;
			children = (
				4EEC4D6125556C69003AF923 /* RefreshApp.xcdatamodel */,
			);
			currentVersion = 4EEC4D6125556C69003AF923 /* RefreshApp.xcdatamodel */;
			path = RefreshApp.xcdatamodeld;
			sourceTree = "<group>";
			versionGroupType = wrapper.xcdatamodel;
		};
/* End XCVersionGroup section */
	};
	rootObject = 4EEC4D4C25556C69003AF923 /* Project object */;
}
